// !$*UTF8*$!
{
	archiveVersion = 1;
	classes = {
	};
	objectVersion = 46;
	objects = {

/* Begin PBXBuildFile section */
		25698807FE73E015B38993DB /* libPods-JiuZhuangHui.a in Frameworks */ = {isa = PBXBuildFile; fileRef = 9152EAABF94D037CEA4D0E9A /* libPods-JiuZhuangHui.a */; };
		512001931DF7073E00E50852 /* UserTalkModel.m in Sources */ = {isa = PBXBuildFile; fileRef = 512001921DF7073E00E50852 /* UserTalkModel.m */; };
		512001961DF7076F00E50852 /* WineTastingModel.m in Sources */ = {isa = PBXBuildFile; fileRef = 512001951DF7076F00E50852 /* WineTastingModel.m */; };
		5120019A1DF7228F00E50852 /* WineTastingTableViewCell.m in Sources */ = {isa = PBXBuildFile; fileRef = 512001981DF7228F00E50852 /* WineTastingTableViewCell.m */; };
		5120019B1DF7228F00E50852 /* WineTastingTableViewCell.xib in Resources */ = {isa = PBXBuildFile; fileRef = 512001991DF7228F00E50852 /* WineTastingTableViewCell.xib */; };
		5120019E1DF72B1F00E50852 /* LikeAndReplyView.m in Sources */ = {isa = PBXBuildFile; fileRef = 5120019D1DF72B1F00E50852 /* LikeAndReplyView.m */; };
		512001A01DF72B9A00E50852 /* LikeAndReplyView.xib in Resources */ = {isa = PBXBuildFile; fileRef = 5120019F1DF72B9A00E50852 /* LikeAndReplyView.xib */; };
		512001A31DF737E700E50852 /* WineTastingTableViewController.m in Sources */ = {isa = PBXBuildFile; fileRef = 512001A21DF737E700E50852 /* WineTastingTableViewController.m */; };
		512001A91DF7E50B00E50852 /* WineTastingContentTableViewCell.m in Sources */ = {isa = PBXBuildFile; fileRef = 512001A81DF7E50B00E50852 /* WineTastingContentTableViewCell.m */; };
		512001AC1DF7F5F400E50852 /* WriteTalkView.m in Sources */ = {isa = PBXBuildFile; fileRef = 512001AB1DF7F5F400E50852 /* WriteTalkView.m */; };
		512001AF1DF80B2C00E50852 /* WineTastingListViewController.m in Sources */ = {isa = PBXBuildFile; fileRef = 512001AE1DF80B2C00E50852 /* WineTastingListViewController.m */; };
		512001B21DF863E400E50852 /* OwerStoryTableViewController.m in Sources */ = {isa = PBXBuildFile; fileRef = 512001B11DF863E400E50852 /* OwerStoryTableViewController.m */; };
		512001B61DF8644F00E50852 /* OwerStoryTableViewCell.m in Sources */ = {isa = PBXBuildFile; fileRef = 512001B41DF8644F00E50852 /* OwerStoryTableViewCell.m */; };
		512001BA1DF873D800E50852 /* WineryAritcleTableViewController.m in Sources */ = {isa = PBXBuildFile; fileRef = 512001B91DF873D800E50852 /* WineryAritcleTableViewController.m */; };
		512001BD1DF905CE00E50852 /* WineryWorkerTableViewCell.m in Sources */ = {isa = PBXBuildFile; fileRef = 512001BC1DF905CE00E50852 /* WineryWorkerTableViewCell.m */; };
		512001C01DF909C900E50852 /* WineryWorkerTableViewController.m in Sources */ = {isa = PBXBuildFile; fileRef = 512001BF1DF909C900E50852 /* WineryWorkerTableViewController.m */; };
		512001C31DF90A4200E50852 /* WineryWorker.m in Sources */ = {isa = PBXBuildFile; fileRef = 512001C21DF90A4200E50852 /* WineryWorker.m */; };
		512001C61DF937AD00E50852 /* LawCollectionViewCell.m in Sources */ = {isa = PBXBuildFile; fileRef = 512001C51DF937AD00E50852 /* LawCollectionViewCell.m */; };
		512001C91DF93A6800E50852 /* LawsCollectionViewController.m in Sources */ = {isa = PBXBuildFile; fileRef = 512001C81DF93A6800E50852 /* LawsCollectionViewController.m */; };
		512001CC1DF93C9F00E50852 /* LawModel.m in Sources */ = {isa = PBXBuildFile; fileRef = 512001CB1DF93C9F00E50852 /* LawModel.m */; };
		5149286E1DEDC81F000322C4 /* main.m in Sources */ = {isa = PBXBuildFile; fileRef = 5149286D1DEDC81F000322C4 /* main.m */; };
		514928711DEDC81F000322C4 /* AppDelegate.m in Sources */ = {isa = PBXBuildFile; fileRef = 514928701DEDC81F000322C4 /* AppDelegate.m */; };
		514928791DEDC820000322C4 /* Assets.xcassets in Resources */ = {isa = PBXBuildFile; fileRef = 514928781DEDC820000322C4 /* Assets.xcassets */; };
		5149288E1DEDCB71000322C4 /* MNAutoScrollView.m in Sources */ = {isa = PBXBuildFile; fileRef = 5149288D1DEDCB71000322C4 /* MNAutoScrollView.m */; };
		514928A41DEE75B9000322C4 /* FirstLuanchViewController.m in Sources */ = {isa = PBXBuildFile; fileRef = 514928A31DEE75B9000322C4 /* FirstLuanchViewController.m */; };
		514928A71DEE9427000322C4 /* RootTabBarViewController.m in Sources */ = {isa = PBXBuildFile; fileRef = 514928A61DEE9427000322C4 /* RootTabBarViewController.m */; };
		514928AB1DEE9652000322C4 /* PanicBuyTableViewCell.m in Sources */ = {isa = PBXBuildFile; fileRef = 514928AA1DEE9652000322C4 /* PanicBuyTableViewCell.m */; };
		514A26151DFAEA2700BD76B8 /* LogIn.m in Sources */ = {isa = PBXBuildFile; fileRef = 514A26141DFAEA2700BD76B8 /* LogIn.m */; };
		514A26181DFAEA6F00BD76B8 /* User.m in Sources */ = {isa = PBXBuildFile; fileRef = 514A26171DFAEA6F00BD76B8 /* User.m */; };
		514A261C1DFAEF3500BD76B8 /* Address.m in Sources */ = {isa = PBXBuildFile; fileRef = 514A261B1DFAEF3500BD76B8 /* Address.m */; };
		514A261F1DFB1B4A00BD76B8 /* LoginTableViewController.m in Sources */ = {isa = PBXBuildFile; fileRef = 514A261E1DFB1B4A00BD76B8 /* LoginTableViewController.m */; };
		514A26261DFBC02E00BD76B8 /* SettingTableViewController.m in Sources */ = {isa = PBXBuildFile; fileRef = 514A26241DFBC02E00BD76B8 /* SettingTableViewController.m */; };
		514A262A1DFBF19E00BD76B8 /* SettNameTableViewController.m in Sources */ = {isa = PBXBuildFile; fileRef = 514A26291DFBF19E00BD76B8 /* SettNameTableViewController.m */; };
		514A262D1DFC04B500BD76B8 /* MessageTableViewController.m in Sources */ = {isa = PBXBuildFile; fileRef = 514A262C1DFC04B500BD76B8 /* MessageTableViewController.m */; };
		514A26301DFC3F9600BD76B8 /* DrinkWithFood.m in Sources */ = {isa = PBXBuildFile; fileRef = 514A262F1DFC3F9600BD76B8 /* DrinkWithFood.m */; };
		514A26331DFC44FF00BD76B8 /* DrinkWithFoodTableViewController.m in Sources */ = {isa = PBXBuildFile; fileRef = 514A26321DFC44FF00BD76B8 /* DrinkWithFoodTableViewController.m */; };
		514A26361DFC47D100BD76B8 /* DrinkWithFoodTableViewCell.m in Sources */ = {isa = PBXBuildFile; fileRef = 514A26351DFC47D100BD76B8 /* DrinkWithFoodTableViewCell.m */; };
		514A26381DFC626300BD76B8 /* Launch Screen.storyboard in Resources */ = {isa = PBXBuildFile; fileRef = 514A26371DFC626300BD76B8 /* Launch Screen.storyboard */; };
		514A263B1DFC67A600BD76B8 /* PrizeWine.m in Sources */ = {isa = PBXBuildFile; fileRef = 514A263A1DFC67A600BD76B8 /* PrizeWine.m */; };
		514A263E1DFC67BB00BD76B8 /* Prize.m in Sources */ = {isa = PBXBuildFile; fileRef = 514A263D1DFC67BB00BD76B8 /* Prize.m */; };
		514A26411DFC6C0700BD76B8 /* PrizeWineTableViewController.m in Sources */ = {isa = PBXBuildFile; fileRef = 514A26401DFC6C0700BD76B8 /* PrizeWineTableViewController.m */; };
		514A26441DFC6D5A00BD76B8 /* PrizeWineTableViewCell.m in Sources */ = {isa = PBXBuildFile; fileRef = 514A26431DFC6D5A00BD76B8 /* PrizeWineTableViewCell.m */; };
		514A26471DFC6D6500BD76B8 /* PrizeTableViewCell.m in Sources */ = {isa = PBXBuildFile; fileRef = 514A26461DFC6D6500BD76B8 /* PrizeTableViewCell.m */; };
		514A264D1DFC6D8C00BD76B8 /* PrizePriceTableViewCell.m in Sources */ = {isa = PBXBuildFile; fileRef = 514A264C1DFC6D8C00BD76B8 /* PrizePriceTableViewCell.m */; };
		514B71791DF0739E00EFBC3A /* HotWineTableViewCell.m in Sources */ = {isa = PBXBuildFile; fileRef = 514B71771DF0739E00EFBC3A /* HotWineTableViewCell.m */; };
		514B717A1DF0739E00EFBC3A /* HotWineTableViewCell.xib in Resources */ = {isa = PBXBuildFile; fileRef = 514B71781DF0739E00EFBC3A /* HotWineTableViewCell.xib */; };
		5155A1B91DF4174800B63A8C /* ReplyContentModel.m in Sources */ = {isa = PBXBuildFile; fileRef = 5155A1B81DF4174800B63A8C /* ReplyContentModel.m */; };
		5155A1BC1DF420E300B63A8C /* WineDetailViewController.m in Sources */ = {isa = PBXBuildFile; fileRef = 5155A1BB1DF420E300B63A8C /* WineDetailViewController.m */; };
		5155A1C41DF453D800B63A8C /* WineryRegionVeiw.m in Sources */ = {isa = PBXBuildFile; fileRef = 5155A1C31DF453D800B63A8C /* WineryRegionVeiw.m */; };
		5155A1C91DF4574600B63A8C /* WineryRegionModel.m in Sources */ = {isa = PBXBuildFile; fileRef = 5155A1C81DF4574600B63A8C /* WineryRegionModel.m */; };
		5155A1CC1DF457B300B63A8C /* WineryFeatureModel.m in Sources */ = {isa = PBXBuildFile; fileRef = 5155A1CB1DF457B300B63A8C /* WineryFeatureModel.m */; };
		5155A1CF1DF457D800B63A8C /* GrapeModel.m in Sources */ = {isa = PBXBuildFile; fileRef = 5155A1CE1DF457D800B63A8C /* GrapeModel.m */; };
		5155A1D51DF4592D00B63A8C /* WineryMoreModel.m in Sources */ = {isa = PBXBuildFile; fileRef = 5155A1D41DF4592D00B63A8C /* WineryMoreModel.m */; };
		5155A1DE1DF469D800B63A8C /* WineryRegionView.xib in Resources */ = {isa = PBXBuildFile; fileRef = 5155A1DD1DF469D800B63A8C /* WineryRegionView.xib */; };
		5155A1E11DF473BC00B63A8C /* GrapeAndFeatureTableViewCell.m in Sources */ = {isa = PBXBuildFile; fileRef = 5155A1E01DF473BC00B63A8C /* GrapeAndFeatureTableViewCell.m */; };
		5155A1E41DF481E400B63A8C /* WineriesTableViewCell.m in Sources */ = {isa = PBXBuildFile; fileRef = 5155A1E31DF481E400B63A8C /* WineriesTableViewCell.m */; };
		5155A1EA1DF521F600B63A8C /* WeatherViewController.m in Sources */ = {isa = PBXBuildFile; fileRef = 5155A1E91DF521F600B63A8C /* WeatherViewController.m */; };
		5155A1ED1DF526EE00B63A8C /* WineriesTableHeaderView.m in Sources */ = {isa = PBXBuildFile; fileRef = 5155A1EC1DF526EE00B63A8C /* WineriesTableHeaderView.m */; };
		5155A1F31DF52E7100B63A8C /* WineryFeatureHeaderModel.m in Sources */ = {isa = PBXBuildFile; fileRef = 5155A1F21DF52E7100B63A8C /* WineryFeatureHeaderModel.m */; };
		5155A1F61DF533CC00B63A8C /* WineryFeatureTableViewController.m in Sources */ = {isa = PBXBuildFile; fileRef = 5155A1F51DF533CC00B63A8C /* WineryFeatureTableViewController.m */; };
		5155A1FC1DF5493500B63A8C /* UILabel+Height.m in Sources */ = {isa = PBXBuildFile; fileRef = 5155A1FB1DF5493500B63A8C /* UILabel+Height.m */; };
		5155A1FF1DF5730E00B63A8C /* GrapeDetaliTableViewCell.m in Sources */ = {isa = PBXBuildFile; fileRef = 5155A1FE1DF5730E00B63A8C /* GrapeDetaliTableViewCell.m */; };
		5155A2021DF5789000B63A8C /* GrapeTypeTableViewController.m in Sources */ = {isa = PBXBuildFile; fileRef = 5155A2011DF5789000B63A8C /* GrapeTypeTableViewController.m */; };
		5155A2051DF5A01300B63A8C /* GrapeTypeCollectionViewController.m in Sources */ = {isa = PBXBuildFile; fileRef = 5155A2041DF5A01300B63A8C /* GrapeTypeCollectionViewController.m */; };
		5155A2081DF5A1A900B63A8C /* GrapeTypesCollectionViewCell.m in Sources */ = {isa = PBXBuildFile; fileRef = 5155A2071DF5A1A900B63A8C /* GrapeTypesCollectionViewCell.m */; };
		5155A20A1DF5A1FC00B63A8C /* GrapeTypesCollectionVeiwCell.xib in Resources */ = {isa = PBXBuildFile; fileRef = 5155A2091DF5A1FC00B63A8C /* GrapeTypesCollectionVeiwCell.xib */; };
		5155A20D1DF5C73200B63A8C /* HeaderCollectionViewCell.m in Sources */ = {isa = PBXBuildFile; fileRef = 5155A20C1DF5C73200B63A8C /* HeaderCollectionViewCell.m */; };
		5155A2111DF5CBC600B63A8C /* SingleWineCollectionViewCell.m in Sources */ = {isa = PBXBuildFile; fileRef = 5155A20F1DF5CBC600B63A8C /* SingleWineCollectionViewCell.m */; };
		5155A2121DF5CBC600B63A8C /* SingleWineCollectionViewCell.xib in Resources */ = {isa = PBXBuildFile; fileRef = 5155A2101DF5CBC600B63A8C /* SingleWineCollectionViewCell.xib */; };
		5155A2151DF5CE3C00B63A8C /* AllWineViewController.m in Sources */ = {isa = PBXBuildFile; fileRef = 5155A2141DF5CE3C00B63A8C /* AllWineViewController.m */; };
		5155A2181DF5D4E100B63A8C /* ShopingBarButtonItme.m in Sources */ = {isa = PBXBuildFile; fileRef = 5155A2171DF5D4E100B63A8C /* ShopingBarButtonItme.m */; };
		5155A2261DF6934200B63A8C /* UserTalkTableViewCell.m in Sources */ = {isa = PBXBuildFile; fileRef = 5155A2251DF6934200B63A8C /* UserTalkTableViewCell.m */; };
		5155A2291DF694A100B63A8C /* UserTalkCollectionViewCell.m in Sources */ = {isa = PBXBuildFile; fileRef = 5155A2281DF694A100B63A8C /* UserTalkCollectionViewCell.m */; };
		51B345AC1DEFC4850027078C /* PanicBuyTableViewCell.xib in Resources */ = {isa = PBXBuildFile; fileRef = 51B345AB1DEFC4850027078C /* PanicBuyTableViewCell.xib */; };
		51B345AF1DEFD53D0027078C /* WinePurchaseModel.m in Sources */ = {isa = PBXBuildFile; fileRef = 51B345AE1DEFD53D0027078C /* WinePurchaseModel.m */; };
		51B345B51DEFDF2B0027078C /* NetRequestManeger.m in Sources */ = {isa = PBXBuildFile; fileRef = 51B345B41DEFDF2B0027078C /* NetRequestManeger.m */; };
		51B345B81DF006440027078C /* MainTableViewController.m in Sources */ = {isa = PBXBuildFile; fileRef = 51B345B71DF006440027078C /* MainTableViewController.m */; };
		51B345BB1DF015670027078C /* MainHeaderViewModel.m in Sources */ = {isa = PBXBuildFile; fileRef = 51B345BA1DF015670027078C /* MainHeaderViewModel.m */; };
		51B345BE1DF016A20027078C /* TopItemModel.m in Sources */ = {isa = PBXBuildFile; fileRef = 51B345BD1DF016A20027078C /* TopItemModel.m */; };
		51B345C11DF016B90027078C /* PlayerPictureModel.m in Sources */ = {isa = PBXBuildFile; fileRef = 51B345C01DF016B90027078C /* PlayerPictureModel.m */; };
		51B345C41DF016D10027078C /* BottomButtonModel.m in Sources */ = {isa = PBXBuildFile; fileRef = 51B345C31DF016D10027078C /* BottomButtonModel.m */; };
		51B345C81DF023F60027078C /* MainHeaderView.m in Sources */ = {isa = PBXBuildFile; fileRef = 51B345C71DF023F60027078C /* MainHeaderView.m */; };
		51B345CA1DF02AAD0027078C /* MainHeaderView.xib in Resources */ = {isa = PBXBuildFile; fileRef = 51B345C91DF02AAD0027078C /* MainHeaderView.xib */; };
		51B345CD1DF05DA10027078C /* LineThrough.m in Sources */ = {isa = PBXBuildFile; fileRef = 51B345CC1DF05DA10027078C /* LineThrough.m */; };
		51B345D01DF0635E0027078C /* TopItemPushVC.m in Sources */ = {isa = PBXBuildFile; fileRef = 51B345CF1DF0635E0027078C /* TopItemPushVC.m */; };
		51B345D31DF066D10027078C /* TopItemPushViewBottomView.m in Sources */ = {isa = PBXBuildFile; fileRef = 51B345D21DF066D10027078C /* TopItemPushViewBottomView.m */; };
		51BDF58C1DF11EC900CDBBB2 /* TopicTableViewCell.m in Sources */ = {isa = PBXBuildFile; fileRef = 51BDF58B1DF11EC900CDBBB2 /* TopicTableViewCell.m */; };
		51BDF58F1DF1209C00CDBBB2 /* TopicViewModel.m in Sources */ = {isa = PBXBuildFile; fileRef = 51BDF58E1DF1209C00CDBBB2 /* TopicViewModel.m */; };
		51BDF5921DF12FEB00CDBBB2 /* WineryModel.m in Sources */ = {isa = PBXBuildFile; fileRef = 51BDF5911DF12FEB00CDBBB2 /* WineryModel.m */; };
		51BDF5991DF1522600CDBBB2 /* WineryTableViewCell.m in Sources */ = {isa = PBXBuildFile; fileRef = 51BDF5971DF1522600CDBBB2 /* WineryTableViewCell.m */; };
		51BDF59A1DF1522600CDBBB2 /* WineryTableViewCell.xib in Resources */ = {isa = PBXBuildFile; fileRef = 51BDF5981DF1522600CDBBB2 /* WineryTableViewCell.xib */; };
		51BDF59D1DF17E2800CDBBB2 /* OriginatorTableViewCell.m in Sources */ = {isa = PBXBuildFile; fileRef = 51BDF59C1DF17E2800CDBBB2 /* OriginatorTableViewCell.m */; };
		51BDF5A11DF17E9900CDBBB2 /* OriginatorModel.m in Sources */ = {isa = PBXBuildFile; fileRef = 51BDF5A01DF17E9900CDBBB2 /* OriginatorModel.m */; };
		51BDF5AC1DF1C52A00CDBBB2 /* AVKit.framework in Frameworks */ = {isa = PBXBuildFile; fileRef = 51BDF5AB1DF1C52A00CDBBB2 /* AVKit.framework */; };
		51BDF5B41DF1CA5300CDBBB2 /* AVFoundation.framework in Frameworks */ = {isa = PBXBuildFile; fileRef = 51BDF5B31DF1CA5300CDBBB2 /* AVFoundation.framework */; };
		51BDF5C11DF1D47200CDBBB2 /* WineryVideoViewController.m in Sources */ = {isa = PBXBuildFile; fileRef = 51BDF5C01DF1D47200CDBBB2 /* WineryVideoViewController.m */; };
		51BDF5C41DF2785D00CDBBB2 /* WineDetailModel.m in Sources */ = {isa = PBXBuildFile; fileRef = 51BDF5C31DF2785D00CDBBB2 /* WineDetailModel.m */; };
		51BDF5C71DF279CC00CDBBB2 /* WineryArticle.m in Sources */ = {isa = PBXBuildFile; fileRef = 51BDF5C61DF279CC00CDBBB2 /* WineryArticle.m */; };
		51BDF5CA1DF27CD200CDBBB2 /* BoxfulWinesModel.m in Sources */ = {isa = PBXBuildFile; fileRef = 51BDF5C91DF27CD200CDBBB2 /* BoxfulWinesModel.m */; };
		51BDF5CD1DF287A800CDBBB2 /* WineBuyViewController.m in Sources */ = {isa = PBXBuildFile; fileRef = 51BDF5CC1DF287A800CDBBB2 /* WineBuyViewController.m */; };
		51BDF5D21DF2895500CDBBB2 /* WineTitleTableViewCell.m in Sources */ = {isa = PBXBuildFile; fileRef = 51BDF5D01DF2895500CDBBB2 /* WineTitleTableViewCell.m */; };
		51BDF5D31DF2895500CDBBB2 /* WineTitleTableViewCell.xib in Resources */ = {isa = PBXBuildFile; fileRef = 51BDF5D11DF2895500CDBBB2 /* WineTitleTableViewCell.xib */; };
		51BDF5D61DF29A6F00CDBBB2 /* BasicTableHeaderView.m in Sources */ = {isa = PBXBuildFile; fileRef = 51BDF5D51DF29A6F00CDBBB2 /* BasicTableHeaderView.m */; };
		51BDF5D91DF2CA5700CDBBB2 /* WineryDetailWebView.m in Sources */ = {isa = PBXBuildFile; fileRef = 51BDF5D81DF2CA5700CDBBB2 /* WineryDetailWebView.m */; };
		51BDF5DC1DF2FD3100CDBBB2 /* BasicNavigationBar.m in Sources */ = {isa = PBXBuildFile; fileRef = 51BDF5DB1DF2FD3100CDBBB2 /* BasicNavigationBar.m */; };
		51BDF5E11DF3002400CDBBB2 /* BasicNavigationViewController.m in Sources */ = {isa = PBXBuildFile; fileRef = 51BDF5E01DF3002400CDBBB2 /* BasicNavigationViewController.m */; };
		51BDF5E81DF3016F00CDBBB2 /* WineryTableViewController.m in Sources */ = {isa = PBXBuildFile; fileRef = 51BDF5E71DF3016F00CDBBB2 /* WineryTableViewController.m */; };
		51BDF5EB1DF3019300CDBBB2 /* UserTalkViewController.m in Sources */ = {isa = PBXBuildFile; fileRef = 51BDF5EA1DF3019300CDBBB2 /* UserTalkViewController.m */; };
		51BDF5EE1DF301BB00CDBBB2 /* ShopingCartViewController.m in Sources */ = {isa = PBXBuildFile; fileRef = 51BDF5ED1DF301BB00CDBBB2 /* ShopingCartViewController.m */; };
		51BDF5F11DF3031300CDBBB2 /* UserInfoViewController.m in Sources */ = {isa = PBXBuildFile; fileRef = 51BDF5F01DF3031300CDBBB2 /* UserInfoViewController.m */; };
		51DFE24C1DF9497800DC1E72 /* LawDetailCollectionViewController.m in Sources */ = {isa = PBXBuildFile; fileRef = 51DFE24B1DF9497800DC1E72 /* LawDetailCollectionViewController.m */; };
		51DFE24F1DF949A200DC1E72 /* LawDetailCollectionViewCell.m in Sources */ = {isa = PBXBuildFile; fileRef = 51DFE24E1DF949A200DC1E72 /* LawDetailCollectionViewCell.m */; };
		51DFE2521DF9603B00DC1E72 /* TalkTableViewController.m in Sources */ = {isa = PBXBuildFile; fileRef = 51DFE2511DF9603B00DC1E72 /* TalkTableViewController.m */; };
		51DFE2561DF974BD00DC1E72 /* UserTalkTableViewController.m in Sources */ = {isa = PBXBuildFile; fileRef = 51DFE2551DF974BD00DC1E72 /* UserTalkTableViewController.m */; };
		51DFE2591DF9944100DC1E72 /* UserTalkDetailTableViewCell.m in Sources */ = {isa = PBXBuildFile; fileRef = 51DFE2581DF9944100DC1E72 /* UserTalkDetailTableViewCell.m */; };
		51DFE25C1DF9A39400DC1E72 /* ShopingCartTableViewCell.m in Sources */ = {isa = PBXBuildFile; fileRef = 51DFE25B1DF9A39400DC1E72 /* ShopingCartTableViewCell.m */; };
/* End PBXBuildFile section */

/* Begin PBXFileReference section */
		1C8ABE720990AA7156C53C51 /* Pods-JiuZhuangHui.release.xcconfig */ = {isa = PBXFileReference; includeInIndex = 1; lastKnownFileType = text.xcconfig; name = "Pods-JiuZhuangHui.release.xcconfig"; path = "Pods/Target Support Files/Pods-JiuZhuangHui/Pods-JiuZhuangHui.release.xcconfig"; sourceTree = "<group>"; };
		512001911DF7073E00E50852 /* UserTalkModel.h */ = {isa = PBXFileReference; fileEncoding = 4; lastKnownFileType = sourcecode.c.h; path = UserTalkModel.h; sourceTree = "<group>"; };
		512001921DF7073E00E50852 /* UserTalkModel.m */ = {isa = PBXFileReference; fileEncoding = 4; lastKnownFileType = sourcecode.c.objc; path = UserTalkModel.m; sourceTree = "<group>"; };
		512001941DF7076F00E50852 /* WineTastingModel.h */ = {isa = PBXFileReference; fileEncoding = 4; lastKnownFileType = sourcecode.c.h; lineEnding = 0; path = WineTastingModel.h; sourceTree = "<group>"; xcLanguageSpecificationIdentifier = xcode.lang.objcpp; };
		512001951DF7076F00E50852 /* WineTastingModel.m */ = {isa = PBXFileReference; fileEncoding = 4; lastKnownFileType = sourcecode.c.objc; lineEnding = 0; path = WineTastingModel.m; sourceTree = "<group>"; xcLanguageSpecificationIdentifier = xcode.lang.objc; };
		512001971DF7228F00E50852 /* WineTastingTableViewCell.h */ = {isa = PBXFileReference; fileEncoding = 4; lastKnownFileType = sourcecode.c.h; path = WineTastingTableViewCell.h; sourceTree = "<group>"; };
		512001981DF7228F00E50852 /* WineTastingTableViewCell.m */ = {isa = PBXFileReference; fileEncoding = 4; lastKnownFileType = sourcecode.c.objc; path = WineTastingTableViewCell.m; sourceTree = "<group>"; };
		512001991DF7228F00E50852 /* WineTastingTableViewCell.xib */ = {isa = PBXFileReference; fileEncoding = 4; lastKnownFileType = file.xib; path = WineTastingTableViewCell.xib; sourceTree = "<group>"; };
		5120019C1DF72B1F00E50852 /* LikeAndReplyView.h */ = {isa = PBXFileReference; fileEncoding = 4; lastKnownFileType = sourcecode.c.h; path = LikeAndReplyView.h; sourceTree = "<group>"; };
		5120019D1DF72B1F00E50852 /* LikeAndReplyView.m */ = {isa = PBXFileReference; fileEncoding = 4; lastKnownFileType = sourcecode.c.objc; path = LikeAndReplyView.m; sourceTree = "<group>"; };
		5120019F1DF72B9A00E50852 /* LikeAndReplyView.xib */ = {isa = PBXFileReference; fileEncoding = 4; lastKnownFileType = file.xib; path = LikeAndReplyView.xib; sourceTree = "<group>"; };
		512001A11DF737E700E50852 /* WineTastingTableViewController.h */ = {isa = PBXFileReference; fileEncoding = 4; lastKnownFileType = sourcecode.c.h; path = WineTastingTableViewController.h; sourceTree = "<group>"; };
		512001A21DF737E700E50852 /* WineTastingTableViewController.m */ = {isa = PBXFileReference; fileEncoding = 4; lastKnownFileType = sourcecode.c.objc; path = WineTastingTableViewController.m; sourceTree = "<group>"; };
		512001A71DF7E50B00E50852 /* WineTastingContentTableViewCell.h */ = {isa = PBXFileReference; fileEncoding = 4; lastKnownFileType = sourcecode.c.h; path = WineTastingContentTableViewCell.h; sourceTree = "<group>"; };
		512001A81DF7E50B00E50852 /* WineTastingContentTableViewCell.m */ = {isa = PBXFileReference; fileEncoding = 4; lastKnownFileType = sourcecode.c.objc; path = WineTastingContentTableViewCell.m; sourceTree = "<group>"; };
		512001AA1DF7F5F400E50852 /* WriteTalkView.h */ = {isa = PBXFileReference; fileEncoding = 4; lastKnownFileType = sourcecode.c.h; path = WriteTalkView.h; sourceTree = "<group>"; };
		512001AB1DF7F5F400E50852 /* WriteTalkView.m */ = {isa = PBXFileReference; fileEncoding = 4; lastKnownFileType = sourcecode.c.objc; path = WriteTalkView.m; sourceTree = "<group>"; };
		512001AD1DF80B2C00E50852 /* WineTastingListViewController.h */ = {isa = PBXFileReference; fileEncoding = 4; lastKnownFileType = sourcecode.c.h; path = WineTastingListViewController.h; sourceTree = "<group>"; };
		512001AE1DF80B2C00E50852 /* WineTastingListViewController.m */ = {isa = PBXFileReference; fileEncoding = 4; lastKnownFileType = sourcecode.c.objc; path = WineTastingListViewController.m; sourceTree = "<group>"; };
		512001B01DF863E400E50852 /* OwerStoryTableViewController.h */ = {isa = PBXFileReference; fileEncoding = 4; lastKnownFileType = sourcecode.c.h; path = OwerStoryTableViewController.h; sourceTree = "<group>"; };
		512001B11DF863E400E50852 /* OwerStoryTableViewController.m */ = {isa = PBXFileReference; fileEncoding = 4; lastKnownFileType = sourcecode.c.objc; path = OwerStoryTableViewController.m; sourceTree = "<group>"; };
		512001B31DF8644F00E50852 /* OwerStoryTableViewCell.h */ = {isa = PBXFileReference; fileEncoding = 4; lastKnownFileType = sourcecode.c.h; path = OwerStoryTableViewCell.h; sourceTree = "<group>"; };
		512001B41DF8644F00E50852 /* OwerStoryTableViewCell.m */ = {isa = PBXFileReference; fileEncoding = 4; lastKnownFileType = sourcecode.c.objc; path = OwerStoryTableViewCell.m; sourceTree = "<group>"; };
		512001B81DF873D800E50852 /* WineryAritcleTableViewController.h */ = {isa = PBXFileReference; fileEncoding = 4; lastKnownFileType = sourcecode.c.h; path = WineryAritcleTableViewController.h; sourceTree = "<group>"; };
		512001B91DF873D800E50852 /* WineryAritcleTableViewController.m */ = {isa = PBXFileReference; fileEncoding = 4; lastKnownFileType = sourcecode.c.objc; path = WineryAritcleTableViewController.m; sourceTree = "<group>"; };
		512001BB1DF905CE00E50852 /* WineryWorkerTableViewCell.h */ = {isa = PBXFileReference; fileEncoding = 4; lastKnownFileType = sourcecode.c.h; path = WineryWorkerTableViewCell.h; sourceTree = "<group>"; };
		512001BC1DF905CE00E50852 /* WineryWorkerTableViewCell.m */ = {isa = PBXFileReference; fileEncoding = 4; lastKnownFileType = sourcecode.c.objc; path = WineryWorkerTableViewCell.m; sourceTree = "<group>"; };
		512001BE1DF909C900E50852 /* WineryWorkerTableViewController.h */ = {isa = PBXFileReference; fileEncoding = 4; lastKnownFileType = sourcecode.c.h; path = WineryWorkerTableViewController.h; sourceTree = "<group>"; };
		512001BF1DF909C900E50852 /* WineryWorkerTableViewController.m */ = {isa = PBXFileReference; fileEncoding = 4; lastKnownFileType = sourcecode.c.objc; path = WineryWorkerTableViewController.m; sourceTree = "<group>"; };
		512001C11DF90A4200E50852 /* WineryWorker.h */ = {isa = PBXFileReference; fileEncoding = 4; lastKnownFileType = sourcecode.c.h; path = WineryWorker.h; sourceTree = "<group>"; };
		512001C21DF90A4200E50852 /* WineryWorker.m */ = {isa = PBXFileReference; fileEncoding = 4; lastKnownFileType = sourcecode.c.objc; path = WineryWorker.m; sourceTree = "<group>"; };
		512001C41DF937AD00E50852 /* LawCollectionViewCell.h */ = {isa = PBXFileReference; fileEncoding = 4; lastKnownFileType = sourcecode.c.h; path = LawCollectionViewCell.h; sourceTree = "<group>"; };
		512001C51DF937AD00E50852 /* LawCollectionViewCell.m */ = {isa = PBXFileReference; fileEncoding = 4; lastKnownFileType = sourcecode.c.objc; path = LawCollectionViewCell.m; sourceTree = "<group>"; };
		512001C71DF93A6800E50852 /* LawsCollectionViewController.h */ = {isa = PBXFileReference; fileEncoding = 4; lastKnownFileType = sourcecode.c.h; path = LawsCollectionViewController.h; sourceTree = "<group>"; };
		512001C81DF93A6800E50852 /* LawsCollectionViewController.m */ = {isa = PBXFileReference; fileEncoding = 4; lastKnownFileType = sourcecode.c.objc; path = LawsCollectionViewController.m; sourceTree = "<group>"; };
		512001CB1DF93C9F00E50852 /* LawModel.m */ = {isa = PBXFileReference; fileEncoding = 4; lastKnownFileType = sourcecode.c.objc; path = LawModel.m; sourceTree = "<group>"; };
		514928691DEDC81F000322C4 /* JiuZhuangHui.app */ = {isa = PBXFileReference; explicitFileType = wrapper.application; includeInIndex = 0; path = JiuZhuangHui.app; sourceTree = BUILT_PRODUCTS_DIR; };
		5149286D1DEDC81F000322C4 /* main.m */ = {isa = PBXFileReference; lastKnownFileType = sourcecode.c.objc; path = main.m; sourceTree = "<group>"; };
		5149286F1DEDC81F000322C4 /* AppDelegate.h */ = {isa = PBXFileReference; lastKnownFileType = sourcecode.c.h; path = AppDelegate.h; sourceTree = "<group>"; };
		514928701DEDC81F000322C4 /* AppDelegate.m */ = {isa = PBXFileReference; lastKnownFileType = sourcecode.c.objc; lineEnding = 0; path = AppDelegate.m; sourceTree = "<group>"; xcLanguageSpecificationIdentifier = xcode.lang.objc; };
		514928781DEDC820000322C4 /* Assets.xcassets */ = {isa = PBXFileReference; lastKnownFileType = folder.assetcatalog; path = Assets.xcassets; sourceTree = "<group>"; };
		5149287D1DEDC820000322C4 /* Info.plist */ = {isa = PBXFileReference; lastKnownFileType = text.plist.xml; path = Info.plist; sourceTree = "<group>"; };
		5149288B1DEDCA70000322C4 /* JiuZhuangHui.h */ = {isa = PBXFileReference; fileEncoding = 4; lastKnownFileType = sourcecode.c.h; path = JiuZhuangHui.h; sourceTree = "<group>"; };
		5149288C1DEDCB71000322C4 /* MNAutoScrollView.h */ = {isa = PBXFileReference; fileEncoding = 4; lastKnownFileType = sourcecode.c.h; path = MNAutoScrollView.h; sourceTree = "<group>"; };
		5149288D1DEDCB71000322C4 /* MNAutoScrollView.m */ = {isa = PBXFileReference; fileEncoding = 4; lastKnownFileType = sourcecode.c.objc; path = MNAutoScrollView.m; sourceTree = "<group>"; };
		514928A21DEE75B9000322C4 /* FirstLuanchViewController.h */ = {isa = PBXFileReference; fileEncoding = 4; lastKnownFileType = sourcecode.c.h; path = FirstLuanchViewController.h; sourceTree = "<group>"; };
		514928A31DEE75B9000322C4 /* FirstLuanchViewController.m */ = {isa = PBXFileReference; fileEncoding = 4; lastKnownFileType = sourcecode.c.objc; path = FirstLuanchViewController.m; sourceTree = "<group>"; };
		514928A51DEE9427000322C4 /* RootTabBarViewController.h */ = {isa = PBXFileReference; fileEncoding = 4; lastKnownFileType = sourcecode.c.h; path = RootTabBarViewController.h; sourceTree = "<group>"; };
		514928A61DEE9427000322C4 /* RootTabBarViewController.m */ = {isa = PBXFileReference; fileEncoding = 4; lastKnownFileType = sourcecode.c.objc; path = RootTabBarViewController.m; sourceTree = "<group>"; };
		514928A91DEE9652000322C4 /* PanicBuyTableViewCell.h */ = {isa = PBXFileReference; fileEncoding = 4; lastKnownFileType = sourcecode.c.h; path = PanicBuyTableViewCell.h; sourceTree = "<group>"; };
		514928AA1DEE9652000322C4 /* PanicBuyTableViewCell.m */ = {isa = PBXFileReference; fileEncoding = 4; lastKnownFileType = sourcecode.c.objc; path = PanicBuyTableViewCell.m; sourceTree = "<group>"; };
		514A26131DFAEA2700BD76B8 /* LogIn.h */ = {isa = PBXFileReference; fileEncoding = 4; lastKnownFileType = sourcecode.c.h; path = LogIn.h; sourceTree = "<group>"; };
		514A26141DFAEA2700BD76B8 /* LogIn.m */ = {isa = PBXFileReference; fileEncoding = 4; lastKnownFileType = sourcecode.c.objc; path = LogIn.m; sourceTree = "<group>"; };
		514A26161DFAEA6F00BD76B8 /* User.h */ = {isa = PBXFileReference; fileEncoding = 4; lastKnownFileType = sourcecode.c.h; path = User.h; sourceTree = "<group>"; };
		514A26171DFAEA6F00BD76B8 /* User.m */ = {isa = PBXFileReference; fileEncoding = 4; lastKnownFileType = sourcecode.c.objc; path = User.m; sourceTree = "<group>"; };
		514A261A1DFAEF3500BD76B8 /* Address.h */ = {isa = PBXFileReference; fileEncoding = 4; lastKnownFileType = sourcecode.c.h; path = Address.h; sourceTree = "<group>"; };
		514A261B1DFAEF3500BD76B8 /* Address.m */ = {isa = PBXFileReference; fileEncoding = 4; lastKnownFileType = sourcecode.c.objc; path = Address.m; sourceTree = "<group>"; };
		514A261D1DFB1B4A00BD76B8 /* LoginTableViewController.h */ = {isa = PBXFileReference; fileEncoding = 4; lastKnownFileType = sourcecode.c.h; path = LoginTableViewController.h; sourceTree = "<group>"; };
		514A261E1DFB1B4A00BD76B8 /* LoginTableViewController.m */ = {isa = PBXFileReference; fileEncoding = 4; lastKnownFileType = sourcecode.c.objc; path = LoginTableViewController.m; sourceTree = "<group>"; };
		514A26231DFBC02E00BD76B8 /* SettingTableViewController.h */ = {isa = PBXFileReference; fileEncoding = 4; lastKnownFileType = sourcecode.c.h; path = SettingTableViewController.h; sourceTree = "<group>"; };
		514A26241DFBC02E00BD76B8 /* SettingTableViewController.m */ = {isa = PBXFileReference; fileEncoding = 4; lastKnownFileType = sourcecode.c.objc; path = SettingTableViewController.m; sourceTree = "<group>"; };
		514A26281DFBF19E00BD76B8 /* SettNameTableViewController.h */ = {isa = PBXFileReference; fileEncoding = 4; lastKnownFileType = sourcecode.c.h; path = SettNameTableViewController.h; sourceTree = "<group>"; };
		514A26291DFBF19E00BD76B8 /* SettNameTableViewController.m */ = {isa = PBXFileReference; fileEncoding = 4; lastKnownFileType = sourcecode.c.objc; path = SettNameTableViewController.m; sourceTree = "<group>"; };
		514A262B1DFC04B500BD76B8 /* MessageTableViewController.h */ = {isa = PBXFileReference; fileEncoding = 4; lastKnownFileType = sourcecode.c.h; path = MessageTableViewController.h; sourceTree = "<group>"; };
		514A262C1DFC04B500BD76B8 /* MessageTableViewController.m */ = {isa = PBXFileReference; fileEncoding = 4; lastKnownFileType = sourcecode.c.objc; path = MessageTableViewController.m; sourceTree = "<group>"; };
		514A262E1DFC3F9600BD76B8 /* DrinkWithFood.h */ = {isa = PBXFileReference; fileEncoding = 4; lastKnownFileType = sourcecode.c.h; path = DrinkWithFood.h; sourceTree = "<group>"; };
		514A262F1DFC3F9600BD76B8 /* DrinkWithFood.m */ = {isa = PBXFileReference; fileEncoding = 4; lastKnownFileType = sourcecode.c.objc; path = DrinkWithFood.m; sourceTree = "<group>"; };
		514A26311DFC44FF00BD76B8 /* DrinkWithFoodTableViewController.h */ = {isa = PBXFileReference; fileEncoding = 4; lastKnownFileType = sourcecode.c.h; path = DrinkWithFoodTableViewController.h; sourceTree = "<group>"; };
		514A26321DFC44FF00BD76B8 /* DrinkWithFoodTableViewController.m */ = {isa = PBXFileReference; fileEncoding = 4; lastKnownFileType = sourcecode.c.objc; path = DrinkWithFoodTableViewController.m; sourceTree = "<group>"; };
		514A26341DFC47D100BD76B8 /* DrinkWithFoodTableViewCell.h */ = {isa = PBXFileReference; fileEncoding = 4; lastKnownFileType = sourcecode.c.h; path = DrinkWithFoodTableViewCell.h; sourceTree = "<group>"; };
		514A26351DFC47D100BD76B8 /* DrinkWithFoodTableViewCell.m */ = {isa = PBXFileReference; fileEncoding = 4; lastKnownFileType = sourcecode.c.objc; path = DrinkWithFoodTableViewCell.m; sourceTree = "<group>"; };
		514A26371DFC626300BD76B8 /* Launch Screen.storyboard */ = {isa = PBXFileReference; fileEncoding = 4; lastKnownFileType = file.storyboard; path = "Launch Screen.storyboard"; sourceTree = "<group>"; };
		514A26391DFC67A600BD76B8 /* PrizeWine.h */ = {isa = PBXFileReference; fileEncoding = 4; lastKnownFileType = sourcecode.c.h; path = PrizeWine.h; sourceTree = "<group>"; };
		514A263A1DFC67A600BD76B8 /* PrizeWine.m */ = {isa = PBXFileReference; fileEncoding = 4; lastKnownFileType = sourcecode.c.objc; path = PrizeWine.m; sourceTree = "<group>"; };
		514A263C1DFC67BB00BD76B8 /* Prize.h */ = {isa = PBXFileReference; fileEncoding = 4; lastKnownFileType = sourcecode.c.h; path = Prize.h; sourceTree = "<group>"; };
		514A263D1DFC67BB00BD76B8 /* Prize.m */ = {isa = PBXFileReference; fileEncoding = 4; lastKnownFileType = sourcecode.c.objc; path = Prize.m; sourceTree = "<group>"; };
		514A263F1DFC6C0700BD76B8 /* PrizeWineTableViewController.h */ = {isa = PBXFileReference; fileEncoding = 4; lastKnownFileType = sourcecode.c.h; path = PrizeWineTableViewController.h; sourceTree = "<group>"; };
		514A26401DFC6C0700BD76B8 /* PrizeWineTableViewController.m */ = {isa = PBXFileReference; fileEncoding = 4; lastKnownFileType = sourcecode.c.objc; path = PrizeWineTableViewController.m; sourceTree = "<group>"; };
		514A26421DFC6D5A00BD76B8 /* PrizeWineTableViewCell.h */ = {isa = PBXFileReference; fileEncoding = 4; lastKnownFileType = sourcecode.c.h; path = PrizeWineTableViewCell.h; sourceTree = "<group>"; };
		514A26431DFC6D5A00BD76B8 /* PrizeWineTableViewCell.m */ = {isa = PBXFileReference; fileEncoding = 4; lastKnownFileType = sourcecode.c.objc; path = PrizeWineTableViewCell.m; sourceTree = "<group>"; };
		514A26451DFC6D6500BD76B8 /* PrizeTableViewCell.h */ = {isa = PBXFileReference; fileEncoding = 4; lastKnownFileType = sourcecode.c.h; path = PrizeTableViewCell.h; sourceTree = "<group>"; };
		514A26461DFC6D6500BD76B8 /* PrizeTableViewCell.m */ = {isa = PBXFileReference; fileEncoding = 4; lastKnownFileType = sourcecode.c.objc; path = PrizeTableViewCell.m; sourceTree = "<group>"; };
		514A264B1DFC6D8C00BD76B8 /* PrizePriceTableViewCell.h */ = {isa = PBXFileReference; fileEncoding = 4; lastKnownFileType = sourcecode.c.h; path = PrizePriceTableViewCell.h; sourceTree = "<group>"; };
		514A264C1DFC6D8C00BD76B8 /* PrizePriceTableViewCell.m */ = {isa = PBXFileReference; fileEncoding = 4; lastKnownFileType = sourcecode.c.objc; path = PrizePriceTableViewCell.m; sourceTree = "<group>"; };
		514B71761DF0739E00EFBC3A /* HotWineTableViewCell.h */ = {isa = PBXFileReference; fileEncoding = 4; lastKnownFileType = sourcecode.c.h; path = HotWineTableViewCell.h; sourceTree = "<group>"; };
		514B71771DF0739E00EFBC3A /* HotWineTableViewCell.m */ = {isa = PBXFileReference; fileEncoding = 4; lastKnownFileType = sourcecode.c.objc; path = HotWineTableViewCell.m; sourceTree = "<group>"; };
		514B71781DF0739E00EFBC3A /* HotWineTableViewCell.xib */ = {isa = PBXFileReference; fileEncoding = 4; lastKnownFileType = file.xib; path = HotWineTableViewCell.xib; sourceTree = "<group>"; };
		5155A1B71DF4174800B63A8C /* ReplyContentModel.h */ = {isa = PBXFileReference; fileEncoding = 4; lastKnownFileType = sourcecode.c.h; path = ReplyContentModel.h; sourceTree = "<group>"; };
		5155A1B81DF4174800B63A8C /* ReplyContentModel.m */ = {isa = PBXFileReference; fileEncoding = 4; lastKnownFileType = sourcecode.c.objc; path = ReplyContentModel.m; sourceTree = "<group>"; };
		5155A1BA1DF420E300B63A8C /* WineDetailViewController.h */ = {isa = PBXFileReference; fileEncoding = 4; lastKnownFileType = sourcecode.c.h; path = WineDetailViewController.h; sourceTree = "<group>"; };
		5155A1BB1DF420E300B63A8C /* WineDetailViewController.m */ = {isa = PBXFileReference; fileEncoding = 4; lastKnownFileType = sourcecode.c.objc; path = WineDetailViewController.m; sourceTree = "<group>"; };
		5155A1C21DF453D800B63A8C /* WineryRegionVeiw.h */ = {isa = PBXFileReference; fileEncoding = 4; lastKnownFileType = sourcecode.c.h; path = WineryRegionVeiw.h; sourceTree = "<group>"; };
		5155A1C31DF453D800B63A8C /* WineryRegionVeiw.m */ = {isa = PBXFileReference; fileEncoding = 4; lastKnownFileType = sourcecode.c.objc; path = WineryRegionVeiw.m; sourceTree = "<group>"; };
		5155A1C71DF4574600B63A8C /* WineryRegionModel.h */ = {isa = PBXFileReference; fileEncoding = 4; lastKnownFileType = sourcecode.c.h; path = WineryRegionModel.h; sourceTree = "<group>"; };
		5155A1C81DF4574600B63A8C /* WineryRegionModel.m */ = {isa = PBXFileReference; fileEncoding = 4; lastKnownFileType = sourcecode.c.objc; path = WineryRegionModel.m; sourceTree = "<group>"; };
		5155A1CA1DF457B300B63A8C /* WineryFeatureModel.h */ = {isa = PBXFileReference; fileEncoding = 4; lastKnownFileType = sourcecode.c.h; path = WineryFeatureModel.h; sourceTree = "<group>"; };
		5155A1CB1DF457B300B63A8C /* WineryFeatureModel.m */ = {isa = PBXFileReference; fileEncoding = 4; lastKnownFileType = sourcecode.c.objc; path = WineryFeatureModel.m; sourceTree = "<group>"; };
		5155A1CD1DF457D800B63A8C /* GrapeModel.h */ = {isa = PBXFileReference; fileEncoding = 4; lastKnownFileType = sourcecode.c.h; path = GrapeModel.h; sourceTree = "<group>"; };
		5155A1CE1DF457D800B63A8C /* GrapeModel.m */ = {isa = PBXFileReference; fileEncoding = 4; lastKnownFileType = sourcecode.c.objc; path = GrapeModel.m; sourceTree = "<group>"; };
		5155A1D31DF4592D00B63A8C /* WineryMoreModel.h */ = {isa = PBXFileReference; fileEncoding = 4; lastKnownFileType = sourcecode.c.h; path = WineryMoreModel.h; sourceTree = "<group>"; };
		5155A1D41DF4592D00B63A8C /* WineryMoreModel.m */ = {isa = PBXFileReference; fileEncoding = 4; lastKnownFileType = sourcecode.c.objc; path = WineryMoreModel.m; sourceTree = "<group>"; };
		5155A1DD1DF469D800B63A8C /* WineryRegionView.xib */ = {isa = PBXFileReference; fileEncoding = 4; lastKnownFileType = file.xib; path = WineryRegionView.xib; sourceTree = "<group>"; };
		5155A1DF1DF473BC00B63A8C /* GrapeAndFeatureTableViewCell.h */ = {isa = PBXFileReference; fileEncoding = 4; lastKnownFileType = sourcecode.c.h; path = GrapeAndFeatureTableViewCell.h; sourceTree = "<group>"; };
		5155A1E01DF473BC00B63A8C /* GrapeAndFeatureTableViewCell.m */ = {isa = PBXFileReference; fileEncoding = 4; lastKnownFileType = sourcecode.c.objc; path = GrapeAndFeatureTableViewCell.m; sourceTree = "<group>"; };
		5155A1E21DF481E400B63A8C /* WineriesTableViewCell.h */ = {isa = PBXFileReference; fileEncoding = 4; lastKnownFileType = sourcecode.c.h; path = WineriesTableViewCell.h; sourceTree = "<group>"; };
		5155A1E31DF481E400B63A8C /* WineriesTableViewCell.m */ = {isa = PBXFileReference; fileEncoding = 4; lastKnownFileType = sourcecode.c.objc; path = WineriesTableViewCell.m; sourceTree = "<group>"; };
		5155A1E81DF521F600B63A8C /* WeatherViewController.h */ = {isa = PBXFileReference; fileEncoding = 4; lastKnownFileType = sourcecode.c.h; path = WeatherViewController.h; sourceTree = "<group>"; };
		5155A1E91DF521F600B63A8C /* WeatherViewController.m */ = {isa = PBXFileReference; fileEncoding = 4; lastKnownFileType = sourcecode.c.objc; path = WeatherViewController.m; sourceTree = "<group>"; };
		5155A1EB1DF526EE00B63A8C /* WineriesTableHeaderView.h */ = {isa = PBXFileReference; fileEncoding = 4; lastKnownFileType = sourcecode.c.h; path = WineriesTableHeaderView.h; sourceTree = "<group>"; };
		5155A1EC1DF526EE00B63A8C /* WineriesTableHeaderView.m */ = {isa = PBXFileReference; fileEncoding = 4; lastKnownFileType = sourcecode.c.objc; path = WineriesTableHeaderView.m; sourceTree = "<group>"; };
		5155A1F11DF52E7100B63A8C /* WineryFeatureHeaderModel.h */ = {isa = PBXFileReference; fileEncoding = 4; lastKnownFileType = sourcecode.c.h; path = WineryFeatureHeaderModel.h; sourceTree = "<group>"; };
		5155A1F21DF52E7100B63A8C /* WineryFeatureHeaderModel.m */ = {isa = PBXFileReference; fileEncoding = 4; lastKnownFileType = sourcecode.c.objc; path = WineryFeatureHeaderModel.m; sourceTree = "<group>"; };
		5155A1F41DF533CC00B63A8C /* WineryFeatureTableViewController.h */ = {isa = PBXFileReference; fileEncoding = 4; lastKnownFileType = sourcecode.c.h; path = WineryFeatureTableViewController.h; sourceTree = "<group>"; };
		5155A1F51DF533CC00B63A8C /* WineryFeatureTableViewController.m */ = {isa = PBXFileReference; fileEncoding = 4; lastKnownFileType = sourcecode.c.objc; path = WineryFeatureTableViewController.m; sourceTree = "<group>"; };
		5155A1FA1DF5493500B63A8C /* UILabel+Height.h */ = {isa = PBXFileReference; fileEncoding = 4; lastKnownFileType = sourcecode.c.h; path = "UILabel+Height.h"; sourceTree = "<group>"; };
		5155A1FB1DF5493500B63A8C /* UILabel+Height.m */ = {isa = PBXFileReference; fileEncoding = 4; lastKnownFileType = sourcecode.c.objc; path = "UILabel+Height.m"; sourceTree = "<group>"; };
		5155A1FD1DF5730E00B63A8C /* GrapeDetaliTableViewCell.h */ = {isa = PBXFileReference; fileEncoding = 4; lastKnownFileType = sourcecode.c.h; path = GrapeDetaliTableViewCell.h; sourceTree = "<group>"; };
		5155A1FE1DF5730E00B63A8C /* GrapeDetaliTableViewCell.m */ = {isa = PBXFileReference; fileEncoding = 4; lastKnownFileType = sourcecode.c.objc; path = GrapeDetaliTableViewCell.m; sourceTree = "<group>"; };
		5155A2001DF5789000B63A8C /* GrapeTypeTableViewController.h */ = {isa = PBXFileReference; fileEncoding = 4; lastKnownFileType = sourcecode.c.h; path = GrapeTypeTableViewController.h; sourceTree = "<group>"; };
		5155A2011DF5789000B63A8C /* GrapeTypeTableViewController.m */ = {isa = PBXFileReference; fileEncoding = 4; lastKnownFileType = sourcecode.c.objc; lineEnding = 0; path = GrapeTypeTableViewController.m; sourceTree = "<group>"; xcLanguageSpecificationIdentifier = xcode.lang.objc; };
		5155A2031DF5A01300B63A8C /* GrapeTypeCollectionViewController.h */ = {isa = PBXFileReference; fileEncoding = 4; lastKnownFileType = sourcecode.c.h; path = GrapeTypeCollectionViewController.h; sourceTree = "<group>"; };
		5155A2041DF5A01300B63A8C /* GrapeTypeCollectionViewController.m */ = {isa = PBXFileReference; fileEncoding = 4; lastKnownFileType = sourcecode.c.objc; lineEnding = 0; path = GrapeTypeCollectionViewController.m; sourceTree = "<group>"; xcLanguageSpecificationIdentifier = xcode.lang.objc; };
		5155A2061DF5A1A900B63A8C /* GrapeTypesCollectionViewCell.h */ = {isa = PBXFileReference; fileEncoding = 4; lastKnownFileType = sourcecode.c.h; path = GrapeTypesCollectionViewCell.h; sourceTree = "<group>"; };
		5155A2071DF5A1A900B63A8C /* GrapeTypesCollectionViewCell.m */ = {isa = PBXFileReference; fileEncoding = 4; lastKnownFileType = sourcecode.c.objc; path = GrapeTypesCollectionViewCell.m; sourceTree = "<group>"; };
		5155A2091DF5A1FC00B63A8C /* GrapeTypesCollectionVeiwCell.xib */ = {isa = PBXFileReference; fileEncoding = 4; lastKnownFileType = file.xib; path = GrapeTypesCollectionVeiwCell.xib; sourceTree = "<group>"; };
		5155A20B1DF5C73200B63A8C /* HeaderCollectionViewCell.h */ = {isa = PBXFileReference; fileEncoding = 4; lastKnownFileType = sourcecode.c.h; path = HeaderCollectionViewCell.h; sourceTree = "<group>"; };
		5155A20C1DF5C73200B63A8C /* HeaderCollectionViewCell.m */ = {isa = PBXFileReference; fileEncoding = 4; lastKnownFileType = sourcecode.c.objc; path = HeaderCollectionViewCell.m; sourceTree = "<group>"; };
		5155A20E1DF5CBC600B63A8C /* SingleWineCollectionViewCell.h */ = {isa = PBXFileReference; fileEncoding = 4; lastKnownFileType = sourcecode.c.h; path = SingleWineCollectionViewCell.h; sourceTree = "<group>"; };
		5155A20F1DF5CBC600B63A8C /* SingleWineCollectionViewCell.m */ = {isa = PBXFileReference; fileEncoding = 4; lastKnownFileType = sourcecode.c.objc; path = SingleWineCollectionViewCell.m; sourceTree = "<group>"; };
		5155A2101DF5CBC600B63A8C /* SingleWineCollectionViewCell.xib */ = {isa = PBXFileReference; fileEncoding = 4; lastKnownFileType = file.xib; path = SingleWineCollectionViewCell.xib; sourceTree = "<group>"; };
		5155A2131DF5CE3C00B63A8C /* AllWineViewController.h */ = {isa = PBXFileReference; fileEncoding = 4; lastKnownFileType = sourcecode.c.h; path = AllWineViewController.h; sourceTree = "<group>"; };
		5155A2141DF5CE3C00B63A8C /* AllWineViewController.m */ = {isa = PBXFileReference; fileEncoding = 4; lastKnownFileType = sourcecode.c.objc; lineEnding = 0; path = AllWineViewController.m; sourceTree = "<group>"; xcLanguageSpecificationIdentifier = xcode.lang.objc; };
		5155A2161DF5D4E100B63A8C /* ShopingBarButtonItme.h */ = {isa = PBXFileReference; fileEncoding = 4; lastKnownFileType = sourcecode.c.h; path = ShopingBarButtonItme.h; sourceTree = "<group>"; };
		5155A2171DF5D4E100B63A8C /* ShopingBarButtonItme.m */ = {isa = PBXFileReference; fileEncoding = 4; lastKnownFileType = sourcecode.c.objc; path = ShopingBarButtonItme.m; sourceTree = "<group>"; };
		5155A2241DF6934200B63A8C /* UserTalkTableViewCell.h */ = {isa = PBXFileReference; fileEncoding = 4; lastKnownFileType = sourcecode.c.h; lineEnding = 0; path = UserTalkTableViewCell.h; sourceTree = "<group>"; xcLanguageSpecificationIdentifier = xcode.lang.objcpp; };
		5155A2251DF6934200B63A8C /* UserTalkTableViewCell.m */ = {isa = PBXFileReference; fileEncoding = 4; lastKnownFileType = sourcecode.c.objc; lineEnding = 0; path = UserTalkTableViewCell.m; sourceTree = "<group>"; xcLanguageSpecificationIdentifier = xcode.lang.objc; };
		5155A2271DF694A100B63A8C /* UserTalkCollectionViewCell.h */ = {isa = PBXFileReference; fileEncoding = 4; lastKnownFileType = sourcecode.c.h; path = UserTalkCollectionViewCell.h; sourceTree = "<group>"; };
		5155A2281DF694A100B63A8C /* UserTalkCollectionViewCell.m */ = {isa = PBXFileReference; fileEncoding = 4; lastKnownFileType = sourcecode.c.objc; path = UserTalkCollectionViewCell.m; sourceTree = "<group>"; };
		51B345AB1DEFC4850027078C /* PanicBuyTableViewCell.xib */ = {isa = PBXFileReference; fileEncoding = 4; lastKnownFileType = file.xib; path = PanicBuyTableViewCell.xib; sourceTree = "<group>"; };
		51B345AD1DEFD53D0027078C /* WinePurchaseModel.h */ = {isa = PBXFileReference; fileEncoding = 4; lastKnownFileType = sourcecode.c.h; path = WinePurchaseModel.h; sourceTree = "<group>"; };
		51B345AE1DEFD53D0027078C /* WinePurchaseModel.m */ = {isa = PBXFileReference; fileEncoding = 4; lastKnownFileType = sourcecode.c.objc; path = WinePurchaseModel.m; sourceTree = "<group>"; };
		51B345B31DEFDF2B0027078C /* NetRequestManeger.h */ = {isa = PBXFileReference; fileEncoding = 4; lastKnownFileType = sourcecode.c.h; path = NetRequestManeger.h; sourceTree = "<group>"; };
		51B345B41DEFDF2B0027078C /* NetRequestManeger.m */ = {isa = PBXFileReference; fileEncoding = 4; lastKnownFileType = sourcecode.c.objc; lineEnding = 0; path = NetRequestManeger.m; sourceTree = "<group>"; xcLanguageSpecificationIdentifier = xcode.lang.objc; };
		51B345B61DF006440027078C /* MainTableViewController.h */ = {isa = PBXFileReference; fileEncoding = 4; lastKnownFileType = sourcecode.c.h; path = MainTableViewController.h; sourceTree = "<group>"; };
		51B345B71DF006440027078C /* MainTableViewController.m */ = {isa = PBXFileReference; fileEncoding = 4; lastKnownFileType = sourcecode.c.objc; path = MainTableViewController.m; sourceTree = "<group>"; };
		51B345B91DF015670027078C /* MainHeaderViewModel.h */ = {isa = PBXFileReference; fileEncoding = 4; lastKnownFileType = sourcecode.c.h; path = MainHeaderViewModel.h; sourceTree = "<group>"; };
		51B345BA1DF015670027078C /* MainHeaderViewModel.m */ = {isa = PBXFileReference; fileEncoding = 4; lastKnownFileType = sourcecode.c.objc; path = MainHeaderViewModel.m; sourceTree = "<group>"; };
		51B345BC1DF016A20027078C /* TopItemModel.h */ = {isa = PBXFileReference; fileEncoding = 4; lastKnownFileType = sourcecode.c.h; path = TopItemModel.h; sourceTree = "<group>"; };
		51B345BD1DF016A20027078C /* TopItemModel.m */ = {isa = PBXFileReference; fileEncoding = 4; lastKnownFileType = sourcecode.c.objc; path = TopItemModel.m; sourceTree = "<group>"; };
		51B345BF1DF016B90027078C /* PlayerPictureModel.h */ = {isa = PBXFileReference; fileEncoding = 4; lastKnownFileType = sourcecode.c.h; path = PlayerPictureModel.h; sourceTree = "<group>"; };
		51B345C01DF016B90027078C /* PlayerPictureModel.m */ = {isa = PBXFileReference; fileEncoding = 4; lastKnownFileType = sourcecode.c.objc; path = PlayerPictureModel.m; sourceTree = "<group>"; };
		51B345C21DF016D10027078C /* BottomButtonModel.h */ = {isa = PBXFileReference; fileEncoding = 4; lastKnownFileType = sourcecode.c.h; path = BottomButtonModel.h; sourceTree = "<group>"; };
		51B345C31DF016D10027078C /* BottomButtonModel.m */ = {isa = PBXFileReference; fileEncoding = 4; lastKnownFileType = sourcecode.c.objc; path = BottomButtonModel.m; sourceTree = "<group>"; };
		51B345C61DF023F60027078C /* MainHeaderView.h */ = {isa = PBXFileReference; fileEncoding = 4; lastKnownFileType = sourcecode.c.h; path = MainHeaderView.h; sourceTree = "<group>"; };
		51B345C71DF023F60027078C /* MainHeaderView.m */ = {isa = PBXFileReference; fileEncoding = 4; lastKnownFileType = sourcecode.c.objc; path = MainHeaderView.m; sourceTree = "<group>"; };
		51B345C91DF02AAD0027078C /* MainHeaderView.xib */ = {isa = PBXFileReference; fileEncoding = 4; lastKnownFileType = file.xib; path = MainHeaderView.xib; sourceTree = "<group>"; };
		51B345CB1DF05DA10027078C /* LineThrough.h */ = {isa = PBXFileReference; fileEncoding = 4; lastKnownFileType = sourcecode.c.h; path = LineThrough.h; sourceTree = "<group>"; };
		51B345CC1DF05DA10027078C /* LineThrough.m */ = {isa = PBXFileReference; fileEncoding = 4; lastKnownFileType = sourcecode.c.objc; path = LineThrough.m; sourceTree = "<group>"; };
		51B345CE1DF0635E0027078C /* TopItemPushVC.h */ = {isa = PBXFileReference; fileEncoding = 4; lastKnownFileType = sourcecode.c.h; path = TopItemPushVC.h; sourceTree = "<group>"; };
		51B345CF1DF0635E0027078C /* TopItemPushVC.m */ = {isa = PBXFileReference; fileEncoding = 4; lastKnownFileType = sourcecode.c.objc; path = TopItemPushVC.m; sourceTree = "<group>"; };
		51B345D11DF066D10027078C /* TopItemPushViewBottomView.h */ = {isa = PBXFileReference; fileEncoding = 4; lastKnownFileType = sourcecode.c.h; path = TopItemPushViewBottomView.h; sourceTree = "<group>"; };
		51B345D21DF066D10027078C /* TopItemPushViewBottomView.m */ = {isa = PBXFileReference; fileEncoding = 4; lastKnownFileType = sourcecode.c.objc; path = TopItemPushViewBottomView.m; sourceTree = "<group>"; };
		51BDF58A1DF11EC900CDBBB2 /* TopicTableViewCell.h */ = {isa = PBXFileReference; fileEncoding = 4; lastKnownFileType = sourcecode.c.h; path = TopicTableViewCell.h; sourceTree = "<group>"; };
		51BDF58B1DF11EC900CDBBB2 /* TopicTableViewCell.m */ = {isa = PBXFileReference; fileEncoding = 4; lastKnownFileType = sourcecode.c.objc; path = TopicTableViewCell.m; sourceTree = "<group>"; };
		51BDF58D1DF1209C00CDBBB2 /* TopicViewModel.h */ = {isa = PBXFileReference; fileEncoding = 4; lastKnownFileType = sourcecode.c.h; path = TopicViewModel.h; sourceTree = "<group>"; };
		51BDF58E1DF1209C00CDBBB2 /* TopicViewModel.m */ = {isa = PBXFileReference; fileEncoding = 4; lastKnownFileType = sourcecode.c.objc; path = TopicViewModel.m; sourceTree = "<group>"; };
		51BDF5901DF12FEB00CDBBB2 /* WineryModel.h */ = {isa = PBXFileReference; fileEncoding = 4; lastKnownFileType = sourcecode.c.h; path = WineryModel.h; sourceTree = "<group>"; };
		51BDF5911DF12FEB00CDBBB2 /* WineryModel.m */ = {isa = PBXFileReference; fileEncoding = 4; lastKnownFileType = sourcecode.c.objc; path = WineryModel.m; sourceTree = "<group>"; };
		51BDF5961DF1522600CDBBB2 /* WineryTableViewCell.h */ = {isa = PBXFileReference; fileEncoding = 4; lastKnownFileType = sourcecode.c.h; path = WineryTableViewCell.h; sourceTree = "<group>"; };
		51BDF5971DF1522600CDBBB2 /* WineryTableViewCell.m */ = {isa = PBXFileReference; fileEncoding = 4; lastKnownFileType = sourcecode.c.objc; path = WineryTableViewCell.m; sourceTree = "<group>"; };
		51BDF5981DF1522600CDBBB2 /* WineryTableViewCell.xib */ = {isa = PBXFileReference; fileEncoding = 4; lastKnownFileType = file.xib; path = WineryTableViewCell.xib; sourceTree = "<group>"; };
		51BDF59B1DF17E2800CDBBB2 /* OriginatorTableViewCell.h */ = {isa = PBXFileReference; fileEncoding = 4; lastKnownFileType = sourcecode.c.h; path = OriginatorTableViewCell.h; sourceTree = "<group>"; };
		51BDF59C1DF17E2800CDBBB2 /* OriginatorTableViewCell.m */ = {isa = PBXFileReference; fileEncoding = 4; lastKnownFileType = sourcecode.c.objc; path = OriginatorTableViewCell.m; sourceTree = "<group>"; };
		51BDF59F1DF17E9900CDBBB2 /* OriginatorModel.h */ = {isa = PBXFileReference; fileEncoding = 4; lastKnownFileType = sourcecode.c.h; path = OriginatorModel.h; sourceTree = "<group>"; };
		51BDF5A01DF17E9900CDBBB2 /* OriginatorModel.m */ = {isa = PBXFileReference; fileEncoding = 4; lastKnownFileType = sourcecode.c.objc; path = OriginatorModel.m; sourceTree = "<group>"; };
		51BDF5AB1DF1C52A00CDBBB2 /* AVKit.framework */ = {isa = PBXFileReference; lastKnownFileType = wrapper.framework; name = AVKit.framework; path = System/Library/Frameworks/AVKit.framework; sourceTree = SDKROOT; };
		51BDF5B31DF1CA5300CDBBB2 /* AVFoundation.framework */ = {isa = PBXFileReference; lastKnownFileType = wrapper.framework; name = AVFoundation.framework; path = System/Library/Frameworks/AVFoundation.framework; sourceTree = SDKROOT; };
		51BDF5BF1DF1D47200CDBBB2 /* WineryVideoViewController.h */ = {isa = PBXFileReference; fileEncoding = 4; lastKnownFileType = sourcecode.c.h; path = WineryVideoViewController.h; sourceTree = "<group>"; };
		51BDF5C01DF1D47200CDBBB2 /* WineryVideoViewController.m */ = {isa = PBXFileReference; fileEncoding = 4; lastKnownFileType = sourcecode.c.objc; path = WineryVideoViewController.m; sourceTree = "<group>"; };
		51BDF5C21DF2785D00CDBBB2 /* WineDetailModel.h */ = {isa = PBXFileReference; fileEncoding = 4; lastKnownFileType = sourcecode.c.h; path = WineDetailModel.h; sourceTree = "<group>"; };
		51BDF5C31DF2785D00CDBBB2 /* WineDetailModel.m */ = {isa = PBXFileReference; fileEncoding = 4; lastKnownFileType = sourcecode.c.objc; path = WineDetailModel.m; sourceTree = "<group>"; };
		51BDF5C51DF279CC00CDBBB2 /* WineryArticle.h */ = {isa = PBXFileReference; fileEncoding = 4; lastKnownFileType = sourcecode.c.h; path = WineryArticle.h; sourceTree = "<group>"; };
		51BDF5C61DF279CC00CDBBB2 /* WineryArticle.m */ = {isa = PBXFileReference; fileEncoding = 4; lastKnownFileType = sourcecode.c.objc; path = WineryArticle.m; sourceTree = "<group>"; };
		51BDF5C81DF27CD200CDBBB2 /* BoxfulWinesModel.h */ = {isa = PBXFileReference; fileEncoding = 4; lastKnownFileType = sourcecode.c.h; path = BoxfulWinesModel.h; sourceTree = "<group>"; };
		51BDF5C91DF27CD200CDBBB2 /* BoxfulWinesModel.m */ = {isa = PBXFileReference; fileEncoding = 4; lastKnownFileType = sourcecode.c.objc; path = BoxfulWinesModel.m; sourceTree = "<group>"; };
		51BDF5CB1DF287A800CDBBB2 /* WineBuyViewController.h */ = {isa = PBXFileReference; fileEncoding = 4; lastKnownFileType = sourcecode.c.h; path = WineBuyViewController.h; sourceTree = "<group>"; };
		51BDF5CC1DF287A800CDBBB2 /* WineBuyViewController.m */ = {isa = PBXFileReference; fileEncoding = 4; lastKnownFileType = sourcecode.c.objc; path = WineBuyViewController.m; sourceTree = "<group>"; };
		51BDF5CF1DF2895500CDBBB2 /* WineTitleTableViewCell.h */ = {isa = PBXFileReference; fileEncoding = 4; lastKnownFileType = sourcecode.c.h; path = WineTitleTableViewCell.h; sourceTree = "<group>"; };
		51BDF5D01DF2895500CDBBB2 /* WineTitleTableViewCell.m */ = {isa = PBXFileReference; fileEncoding = 4; lastKnownFileType = sourcecode.c.objc; path = WineTitleTableViewCell.m; sourceTree = "<group>"; };
		51BDF5D11DF2895500CDBBB2 /* WineTitleTableViewCell.xib */ = {isa = PBXFileReference; fileEncoding = 4; lastKnownFileType = file.xib; path = WineTitleTableViewCell.xib; sourceTree = "<group>"; };
		51BDF5D41DF29A6F00CDBBB2 /* BasicTableHeaderView.h */ = {isa = PBXFileReference; fileEncoding = 4; lastKnownFileType = sourcecode.c.h; path = BasicTableHeaderView.h; sourceTree = "<group>"; };
		51BDF5D51DF29A6F00CDBBB2 /* BasicTableHeaderView.m */ = {isa = PBXFileReference; fileEncoding = 4; lastKnownFileType = sourcecode.c.objc; path = BasicTableHeaderView.m; sourceTree = "<group>"; };
		51BDF5D71DF2CA5700CDBBB2 /* WineryDetailWebView.h */ = {isa = PBXFileReference; fileEncoding = 4; lastKnownFileType = sourcecode.c.h; path = WineryDetailWebView.h; sourceTree = "<group>"; };
		51BDF5D81DF2CA5700CDBBB2 /* WineryDetailWebView.m */ = {isa = PBXFileReference; fileEncoding = 4; lastKnownFileType = sourcecode.c.objc; path = WineryDetailWebView.m; sourceTree = "<group>"; };
		51BDF5DA1DF2FD3100CDBBB2 /* BasicNavigationBar.h */ = {isa = PBXFileReference; fileEncoding = 4; lastKnownFileType = sourcecode.c.h; path = BasicNavigationBar.h; sourceTree = "<group>"; };
		51BDF5DB1DF2FD3100CDBBB2 /* BasicNavigationBar.m */ = {isa = PBXFileReference; fileEncoding = 4; lastKnownFileType = sourcecode.c.objc; path = BasicNavigationBar.m; sourceTree = "<group>"; };
		51BDF5DF1DF3002400CDBBB2 /* BasicNavigationViewController.h */ = {isa = PBXFileReference; fileEncoding = 4; lastKnownFileType = sourcecode.c.h; path = BasicNavigationViewController.h; sourceTree = "<group>"; };
		51BDF5E01DF3002400CDBBB2 /* BasicNavigationViewController.m */ = {isa = PBXFileReference; fileEncoding = 4; lastKnownFileType = sourcecode.c.objc; path = BasicNavigationViewController.m; sourceTree = "<group>"; };
		51BDF5E61DF3016F00CDBBB2 /* WineryTableViewController.h */ = {isa = PBXFileReference; fileEncoding = 4; lastKnownFileType = sourcecode.c.h; path = WineryTableViewController.h; sourceTree = "<group>"; };
		51BDF5E71DF3016F00CDBBB2 /* WineryTableViewController.m */ = {isa = PBXFileReference; fileEncoding = 4; lastKnownFileType = sourcecode.c.objc; path = WineryTableViewController.m; sourceTree = "<group>"; };
		51BDF5E91DF3019300CDBBB2 /* UserTalkViewController.h */ = {isa = PBXFileReference; fileEncoding = 4; lastKnownFileType = sourcecode.c.h; path = UserTalkViewController.h; sourceTree = "<group>"; };
		51BDF5EA1DF3019300CDBBB2 /* UserTalkViewController.m */ = {isa = PBXFileReference; fileEncoding = 4; lastKnownFileType = sourcecode.c.objc; lineEnding = 0; path = UserTalkViewController.m; sourceTree = "<group>"; xcLanguageSpecificationIdentifier = xcode.lang.objc; };
		51BDF5EC1DF301BB00CDBBB2 /* ShopingCartViewController.h */ = {isa = PBXFileReference; fileEncoding = 4; lastKnownFileType = sourcecode.c.h; path = ShopingCartViewController.h; sourceTree = "<group>"; };
		51BDF5ED1DF301BB00CDBBB2 /* ShopingCartViewController.m */ = {isa = PBXFileReference; fileEncoding = 4; lastKnownFileType = sourcecode.c.objc; path = ShopingCartViewController.m; sourceTree = "<group>"; };
		51BDF5EF1DF3031300CDBBB2 /* UserInfoViewController.h */ = {isa = PBXFileReference; fileEncoding = 4; lastKnownFileType = sourcecode.c.h; path = UserInfoViewController.h; sourceTree = "<group>"; };
		51BDF5F01DF3031300CDBBB2 /* UserInfoViewController.m */ = {isa = PBXFileReference; fileEncoding = 4; lastKnownFileType = sourcecode.c.objc; path = UserInfoViewController.m; sourceTree = "<group>"; };
		51DFE2491DF9434400DC1E72 /* LawModel.h */ = {isa = PBXFileReference; lastKnownFileType = sourcecode.c.h; path = LawModel.h; sourceTree = "<group>"; };
		51DFE24A1DF9497800DC1E72 /* LawDetailCollectionViewController.h */ = {isa = PBXFileReference; fileEncoding = 4; lastKnownFileType = sourcecode.c.h; path = LawDetailCollectionViewController.h; sourceTree = "<group>"; };
		51DFE24B1DF9497800DC1E72 /* LawDetailCollectionViewController.m */ = {isa = PBXFileReference; fileEncoding = 4; lastKnownFileType = sourcecode.c.objc; path = LawDetailCollectionViewController.m; sourceTree = "<group>"; };
		51DFE24D1DF949A200DC1E72 /* LawDetailCollectionViewCell.h */ = {isa = PBXFileReference; fileEncoding = 4; lastKnownFileType = sourcecode.c.h; path = LawDetailCollectionViewCell.h; sourceTree = "<group>"; };
		51DFE24E1DF949A200DC1E72 /* LawDetailCollectionViewCell.m */ = {isa = PBXFileReference; fileEncoding = 4; lastKnownFileType = sourcecode.c.objc; path = LawDetailCollectionViewCell.m; sourceTree = "<group>"; };
		51DFE2501DF9603B00DC1E72 /* TalkTableViewController.h */ = {isa = PBXFileReference; fileEncoding = 4; lastKnownFileType = sourcecode.c.h; path = TalkTableViewController.h; sourceTree = "<group>"; };
		51DFE2511DF9603B00DC1E72 /* TalkTableViewController.m */ = {isa = PBXFileReference; fileEncoding = 4; lastKnownFileType = sourcecode.c.objc; path = TalkTableViewController.m; sourceTree = "<group>"; };
		51DFE2541DF974BD00DC1E72 /* UserTalkTableViewController.h */ = {isa = PBXFileReference; fileEncoding = 4; lastKnownFileType = sourcecode.c.h; path = UserTalkTableViewController.h; sourceTree = "<group>"; };
		51DFE2551DF974BD00DC1E72 /* UserTalkTableViewController.m */ = {isa = PBXFileReference; fileEncoding = 4; lastKnownFileType = sourcecode.c.objc; path = UserTalkTableViewController.m; sourceTree = "<group>"; };
		51DFE2571DF9944100DC1E72 /* UserTalkDetailTableViewCell.h */ = {isa = PBXFileReference; fileEncoding = 4; lastKnownFileType = sourcecode.c.h; path = UserTalkDetailTableViewCell.h; sourceTree = "<group>"; };
		51DFE2581DF9944100DC1E72 /* UserTalkDetailTableViewCell.m */ = {isa = PBXFileReference; fileEncoding = 4; lastKnownFileType = sourcecode.c.objc; path = UserTalkDetailTableViewCell.m; sourceTree = "<group>"; };
		51DFE25A1DF9A39400DC1E72 /* ShopingCartTableViewCell.h */ = {isa = PBXFileReference; fileEncoding = 4; lastKnownFileType = sourcecode.c.h; path = ShopingCartTableViewCell.h; sourceTree = "<group>"; };
		51DFE25B1DF9A39400DC1E72 /* ShopingCartTableViewCell.m */ = {isa = PBXFileReference; fileEncoding = 4; lastKnownFileType = sourcecode.c.objc; path = ShopingCartTableViewCell.m; sourceTree = "<group>"; };
		8695FFC0F4696FEE8AEB8AC4 /* Pods-JiuZhuangHui.debug.xcconfig */ = {isa = PBXFileReference; includeInIndex = 1; lastKnownFileType = text.xcconfig; name = "Pods-JiuZhuangHui.debug.xcconfig"; path = "Pods/Target Support Files/Pods-JiuZhuangHui/Pods-JiuZhuangHui.debug.xcconfig"; sourceTree = "<group>"; };
		9152EAABF94D037CEA4D0E9A /* libPods-JiuZhuangHui.a */ = {isa = PBXFileReference; explicitFileType = archive.ar; includeInIndex = 0; path = "libPods-JiuZhuangHui.a"; sourceTree = BUILT_PRODUCTS_DIR; };
/* End PBXFileReference section */

/* Begin PBXFrameworksBuildPhase section */
		514928661DEDC81F000322C4 /* Frameworks */ = {
			isa = PBXFrameworksBuildPhase;
			buildActionMask = 2147483647;
			files = (
				51BDF5B41DF1CA5300CDBBB2 /* AVFoundation.framework in Frameworks */,
				51BDF5AC1DF1C52A00CDBBB2 /* AVKit.framework in Frameworks */,
				25698807FE73E015B38993DB /* libPods-JiuZhuangHui.a in Frameworks */,
			);
			runOnlyForDeploymentPostprocessing = 0;
		};
/* End PBXFrameworksBuildPhase section */

/* Begin PBXGroup section */
		3EBB000A1063162A9616E283 /* Pods */ = {
			isa = PBXGroup;
			children = (
				8695FFC0F4696FEE8AEB8AC4 /* Pods-JiuZhuangHui.debug.xcconfig */,
				1C8ABE720990AA7156C53C51 /* Pods-JiuZhuangHui.release.xcconfig */,
			);
			name = Pods;
			sourceTree = "<group>";
		};
		512001901DF7070500E50852 /* userTalk */ = {
			isa = PBXGroup;
			children = (
				512001911DF7073E00E50852 /* UserTalkModel.h */,
				512001921DF7073E00E50852 /* UserTalkModel.m */,
				512001941DF7076F00E50852 /* WineTastingModel.h */,
				512001951DF7076F00E50852 /* WineTastingModel.m */,
				512001C11DF90A4200E50852 /* WineryWorker.h */,
				512001C21DF90A4200E50852 /* WineryWorker.m */,
				51DFE2491DF9434400DC1E72 /* LawModel.h */,
				512001CB1DF93C9F00E50852 /* LawModel.m */,
			);
			name = userTalk;
			sourceTree = "<group>";
		};
		514928601DEDC81F000322C4 = {
			isa = PBXGroup;
			children = (
				5149286B1DEDC81F000322C4 /* JiuZhuangHui */,
				5149286A1DEDC81F000322C4 /* Products */,
				3EBB000A1063162A9616E283 /* Pods */,
				6E079A14958DDBB8184E6B44 /* Frameworks */,
			);
			sourceTree = "<group>";
		};
		5149286A1DEDC81F000322C4 /* Products */ = {
			isa = PBXGroup;
			children = (
				514928691DEDC81F000322C4 /* JiuZhuangHui.app */,
			);
			name = Products;
			sourceTree = "<group>";
		};
		5149286B1DEDC81F000322C4 /* JiuZhuangHui */ = {
			isa = PBXGroup;
			children = (
				51B345B11DEFDE910027078C /* Net */,
				514928A11DEE759A000322C4 /* Vc */,
				514928891DEDC84E000322C4 /* Medol */,
				514928881DEDC84D000322C4 /* View */,
				514928831DEDC835000322C4 /* New Group */,
				5149286C1DEDC81F000322C4 /* Supporting Files */,
			);
			path = JiuZhuangHui;
			sourceTree = "<group>";
		};
		5149286C1DEDC81F000322C4 /* Supporting Files */ = {
			isa = PBXGroup;
			children = (
				5149286D1DEDC81F000322C4 /* main.m */,
				5149286F1DEDC81F000322C4 /* AppDelegate.h */,
				514928701DEDC81F000322C4 /* AppDelegate.m */,
				5149288B1DEDCA70000322C4 /* JiuZhuangHui.h */,
				514928781DEDC820000322C4 /* Assets.xcassets */,
				514A26371DFC626300BD76B8 /* Launch Screen.storyboard */,
				5149287D1DEDC820000322C4 /* Info.plist */,
			);
			name = "Supporting Files";
			sourceTree = "<group>";
		};
		514928831DEDC835000322C4 /* New Group */ = {
			isa = PBXGroup;
			children = (
			);
			name = "New Group";
			sourceTree = "<group>";
		};
		514928881DEDC84D000322C4 /* View */ = {
			isa = PBXGroup;
			children = (
				5155A1C11DF4539000B63A8C /* wineryView */,
				51BDF5CE1DF2888600CDBBB2 /* wineBuyView */,
				5155A21B1DF6923300B63A8C /* userTalk */,
				514928A81DEE95AB000322C4 /* mainVCView */,
				5149288C1DEDCB71000322C4 /* MNAutoScrollView.h */,
				5149288D1DEDCB71000322C4 /* MNAutoScrollView.m */,
				51BDF5D41DF29A6F00CDBBB2 /* BasicTableHeaderView.h */,
				51BDF5D51DF29A6F00CDBBB2 /* BasicTableHeaderView.m */,
				51BDF5DA1DF2FD3100CDBBB2 /* BasicNavigationBar.h */,
				51BDF5DB1DF2FD3100CDBBB2 /* BasicNavigationBar.m */,
				5155A2161DF5D4E100B63A8C /* ShopingBarButtonItme.h */,
				5155A2171DF5D4E100B63A8C /* ShopingBarButtonItme.m */,
				5155A1FA1DF5493500B63A8C /* UILabel+Height.h */,
				5155A1FB1DF5493500B63A8C /* UILabel+Height.m */,
				5120019C1DF72B1F00E50852 /* LikeAndReplyView.h */,
				5120019D1DF72B1F00E50852 /* LikeAndReplyView.m */,
				5120019F1DF72B9A00E50852 /* LikeAndReplyView.xib */,
			);
			name = View;
			sourceTree = "<group>";
		};
		514928891DEDC84E000322C4 /* Medol */ = {
			isa = PBXGroup;
			children = (
				5155A1C61DF456D900B63A8C /* main */,
				5155A1C51DF456CF00B63A8C /* winery */,
				512001901DF7070500E50852 /* userTalk */,
				514A26131DFAEA2700BD76B8 /* LogIn.h */,
				514A26141DFAEA2700BD76B8 /* LogIn.m */,
				514A26161DFAEA6F00BD76B8 /* User.h */,
				514A26171DFAEA6F00BD76B8 /* User.m */,
				514A261A1DFAEF3500BD76B8 /* Address.h */,
				514A261B1DFAEF3500BD76B8 /* Address.m */,
			);
			name = Medol;
			sourceTree = "<group>";
		};
		514928A11DEE759A000322C4 /* Vc */ = {
			isa = PBXGroup;
			children = (
				51BDF5E51DF3011200CDBBB2 /* rootVC */,
				5155A1BF1DF4517F00B63A8C /* MiansubVc */,
				5155A1C01DF451C200B63A8C /* wineryVC */,
				5155A21A1DF691C200B63A8C /* userTalkVC */,
				514A26121DFA9D8E00BD76B8 /* userInfoVC */,
			);
			name = Vc;
			sourceTree = "<group>";
		};
		514928A81DEE95AB000322C4 /* mainVCView */ = {
			isa = PBXGroup;
			children = (
				51B345C61DF023F60027078C /* MainHeaderView.h */,
				51B345C71DF023F60027078C /* MainHeaderView.m */,
				51B345C91DF02AAD0027078C /* MainHeaderView.xib */,
				514928A91DEE9652000322C4 /* PanicBuyTableViewCell.h */,
				514928AA1DEE9652000322C4 /* PanicBuyTableViewCell.m */,
				51B345AB1DEFC4850027078C /* PanicBuyTableViewCell.xib */,
				514B71761DF0739E00EFBC3A /* HotWineTableViewCell.h */,
				514B71771DF0739E00EFBC3A /* HotWineTableViewCell.m */,
				514B71781DF0739E00EFBC3A /* HotWineTableViewCell.xib */,
				51B345D11DF066D10027078C /* TopItemPushViewBottomView.h */,
				51B345D21DF066D10027078C /* TopItemPushViewBottomView.m */,
				51BDF58A1DF11EC900CDBBB2 /* TopicTableViewCell.h */,
				51BDF58B1DF11EC900CDBBB2 /* TopicTableViewCell.m */,
				51BDF5961DF1522600CDBBB2 /* WineryTableViewCell.h */,
				51BDF5971DF1522600CDBBB2 /* WineryTableViewCell.m */,
				51BDF5981DF1522600CDBBB2 /* WineryTableViewCell.xib */,
				51BDF59B1DF17E2800CDBBB2 /* OriginatorTableViewCell.h */,
				51BDF59C1DF17E2800CDBBB2 /* OriginatorTableViewCell.m */,
				51B345CB1DF05DA10027078C /* LineThrough.h */,
				51B345CC1DF05DA10027078C /* LineThrough.m */,
				514A26341DFC47D100BD76B8 /* DrinkWithFoodTableViewCell.h */,
				514A26351DFC47D100BD76B8 /* DrinkWithFoodTableViewCell.m */,
				514A26421DFC6D5A00BD76B8 /* PrizeWineTableViewCell.h */,
				514A26431DFC6D5A00BD76B8 /* PrizeWineTableViewCell.m */,
				514A26451DFC6D6500BD76B8 /* PrizeTableViewCell.h */,
				514A26461DFC6D6500BD76B8 /* PrizeTableViewCell.m */,
				514A264B1DFC6D8C00BD76B8 /* PrizePriceTableViewCell.h */,
				514A264C1DFC6D8C00BD76B8 /* PrizePriceTableViewCell.m */,
			);
			name = mainVCView;
			sourceTree = "<group>";
		};
		514A26121DFA9D8E00BD76B8 /* userInfoVC */ = {
			isa = PBXGroup;
			children = (
				514A261D1DFB1B4A00BD76B8 /* LoginTableViewController.h */,
				514A261E1DFB1B4A00BD76B8 /* LoginTableViewController.m */,
				514A26231DFBC02E00BD76B8 /* SettingTableViewController.h */,
				514A26241DFBC02E00BD76B8 /* SettingTableViewController.m */,
				514A26281DFBF19E00BD76B8 /* SettNameTableViewController.h */,
				514A26291DFBF19E00BD76B8 /* SettNameTableViewController.m */,
				514A262B1DFC04B500BD76B8 /* MessageTableViewController.h */,
				514A262C1DFC04B500BD76B8 /* MessageTableViewController.m */,
			);
			name = userInfoVC;
			sourceTree = "<group>";
		};
		5155A1BF1DF4517F00B63A8C /* MiansubVc */ = {
			isa = PBXGroup;
			children = (
				51BDF5BF1DF1D47200CDBBB2 /* WineryVideoViewController.h */,
				51BDF5C01DF1D47200CDBBB2 /* WineryVideoViewController.m */,
				51BDF5CB1DF287A800CDBBB2 /* WineBuyViewController.h */,
				51BDF5CC1DF287A800CDBBB2 /* WineBuyViewController.m */,
				5155A1BA1DF420E300B63A8C /* WineDetailViewController.h */,
				5155A1BB1DF420E300B63A8C /* WineDetailViewController.m */,
				51BDF5D71DF2CA5700CDBBB2 /* WineryDetailWebView.h */,
				51BDF5D81DF2CA5700CDBBB2 /* WineryDetailWebView.m */,
				51B345CE1DF0635E0027078C /* TopItemPushVC.h */,
				51B345CF1DF0635E0027078C /* TopItemPushVC.m */,
				5155A2131DF5CE3C00B63A8C /* AllWineViewController.h */,
				5155A2141DF5CE3C00B63A8C /* AllWineViewController.m */,
				514A26311DFC44FF00BD76B8 /* DrinkWithFoodTableViewController.h */,
				514A26321DFC44FF00BD76B8 /* DrinkWithFoodTableViewController.m */,
				514A263F1DFC6C0700BD76B8 /* PrizeWineTableViewController.h */,
				514A26401DFC6C0700BD76B8 /* PrizeWineTableViewController.m */,
			);
			name = MiansubVc;
			sourceTree = "<group>";
		};
		5155A1C01DF451C200B63A8C /* wineryVC */ = {
			isa = PBXGroup;
			children = (
				5155A1E81DF521F600B63A8C /* WeatherViewController.h */,
				5155A1E91DF521F600B63A8C /* WeatherViewController.m */,
				5155A1F41DF533CC00B63A8C /* WineryFeatureTableViewController.h */,
				5155A1F51DF533CC00B63A8C /* WineryFeatureTableViewController.m */,
				5155A2001DF5789000B63A8C /* GrapeTypeTableViewController.h */,
				5155A2011DF5789000B63A8C /* GrapeTypeTableViewController.m */,
				5155A2031DF5A01300B63A8C /* GrapeTypeCollectionViewController.h */,
				5155A2041DF5A01300B63A8C /* GrapeTypeCollectionViewController.m */,
			);
			name = wineryVC;
			sourceTree = "<group>";
		};
		5155A1C11DF4539000B63A8C /* wineryView */ = {
			isa = PBXGroup;
			children = (
				5155A1C21DF453D800B63A8C /* WineryRegionVeiw.h */,
				5155A1C31DF453D800B63A8C /* WineryRegionVeiw.m */,
				5155A1DD1DF469D800B63A8C /* WineryRegionView.xib */,
				5155A1DF1DF473BC00B63A8C /* GrapeAndFeatureTableViewCell.h */,
				5155A1E01DF473BC00B63A8C /* GrapeAndFeatureTableViewCell.m */,
				5155A1E21DF481E400B63A8C /* WineriesTableViewCell.h */,
				5155A1E31DF481E400B63A8C /* WineriesTableViewCell.m */,
				5155A1EB1DF526EE00B63A8C /* WineriesTableHeaderView.h */,
				5155A1EC1DF526EE00B63A8C /* WineriesTableHeaderView.m */,
				5155A1FD1DF5730E00B63A8C /* GrapeDetaliTableViewCell.h */,
				5155A1FE1DF5730E00B63A8C /* GrapeDetaliTableViewCell.m */,
				5155A2061DF5A1A900B63A8C /* GrapeTypesCollectionViewCell.h */,
				5155A2071DF5A1A900B63A8C /* GrapeTypesCollectionViewCell.m */,
				5155A2091DF5A1FC00B63A8C /* GrapeTypesCollectionVeiwCell.xib */,
				5155A20B1DF5C73200B63A8C /* HeaderCollectionViewCell.h */,
				5155A20C1DF5C73200B63A8C /* HeaderCollectionViewCell.m */,
			);
			name = wineryView;
			sourceTree = "<group>";
		};
		5155A1C51DF456CF00B63A8C /* winery */ = {
			isa = PBXGroup;
			children = (
				5155A1C71DF4574600B63A8C /* WineryRegionModel.h */,
				5155A1C81DF4574600B63A8C /* WineryRegionModel.m */,
				5155A1CA1DF457B300B63A8C /* WineryFeatureModel.h */,
				5155A1CB1DF457B300B63A8C /* WineryFeatureModel.m */,
				5155A1CD1DF457D800B63A8C /* GrapeModel.h */,
				5155A1CE1DF457D800B63A8C /* GrapeModel.m */,
				5155A1D31DF4592D00B63A8C /* WineryMoreModel.h */,
				5155A1D41DF4592D00B63A8C /* WineryMoreModel.m */,
				5155A1F11DF52E7100B63A8C /* WineryFeatureHeaderModel.h */,
				5155A1F21DF52E7100B63A8C /* WineryFeatureHeaderModel.m */,
			);
			name = winery;
			sourceTree = "<group>";
		};
		5155A1C61DF456D900B63A8C /* main */ = {
			isa = PBXGroup;
			children = (
				51B345C51DF023BF0027078C /* MainHeaderView */,
				51B345AD1DEFD53D0027078C /* WinePurchaseModel.h */,
				51B345AE1DEFD53D0027078C /* WinePurchaseModel.m */,
				51BDF5C21DF2785D00CDBBB2 /* WineDetailModel.h */,
				51BDF5C31DF2785D00CDBBB2 /* WineDetailModel.m */,
				51BDF5C51DF279CC00CDBBB2 /* WineryArticle.h */,
				51BDF5C61DF279CC00CDBBB2 /* WineryArticle.m */,
				5155A1B71DF4174800B63A8C /* ReplyContentModel.h */,
				5155A1B81DF4174800B63A8C /* ReplyContentModel.m */,
				51BDF5C81DF27CD200CDBBB2 /* BoxfulWinesModel.h */,
				51BDF5C91DF27CD200CDBBB2 /* BoxfulWinesModel.m */,
				51BDF58D1DF1209C00CDBBB2 /* TopicViewModel.h */,
				51BDF58E1DF1209C00CDBBB2 /* TopicViewModel.m */,
				51BDF5901DF12FEB00CDBBB2 /* WineryModel.h */,
				51BDF5911DF12FEB00CDBBB2 /* WineryModel.m */,
				51BDF59F1DF17E9900CDBBB2 /* OriginatorModel.h */,
				51BDF5A01DF17E9900CDBBB2 /* OriginatorModel.m */,
			);
			name = main;
			sourceTree = "<group>";
		};
		5155A21A1DF691C200B63A8C /* userTalkVC */ = {
			isa = PBXGroup;
			children = (
				512001A11DF737E700E50852 /* WineTastingTableViewController.h */,
				512001A21DF737E700E50852 /* WineTastingTableViewController.m */,
				51DFE2541DF974BD00DC1E72 /* UserTalkTableViewController.h */,
				51DFE2551DF974BD00DC1E72 /* UserTalkTableViewController.m */,
				512001AD1DF80B2C00E50852 /* WineTastingListViewController.h */,
				512001AE1DF80B2C00E50852 /* WineTastingListViewController.m */,
				512001B01DF863E400E50852 /* OwerStoryTableViewController.h */,
				512001B11DF863E400E50852 /* OwerStoryTableViewController.m */,
				512001B81DF873D800E50852 /* WineryAritcleTableViewController.h */,
				512001B91DF873D800E50852 /* WineryAritcleTableViewController.m */,
				512001BE1DF909C900E50852 /* WineryWorkerTableViewController.h */,
				512001BF1DF909C900E50852 /* WineryWorkerTableViewController.m */,
				512001C71DF93A6800E50852 /* LawsCollectionViewController.h */,
				512001C81DF93A6800E50852 /* LawsCollectionViewController.m */,
				51DFE24A1DF9497800DC1E72 /* LawDetailCollectionViewController.h */,
				51DFE24B1DF9497800DC1E72 /* LawDetailCollectionViewController.m */,
				51DFE2501DF9603B00DC1E72 /* TalkTableViewController.h */,
				51DFE2511DF9603B00DC1E72 /* TalkTableViewController.m */,
			);
			name = userTalkVC;
			sourceTree = "<group>";
		};
		5155A21B1DF6923300B63A8C /* userTalk */ = {
			isa = PBXGroup;
			children = (
				5155A2241DF6934200B63A8C /* UserTalkTableViewCell.h */,
				5155A2251DF6934200B63A8C /* UserTalkTableViewCell.m */,
				5155A2271DF694A100B63A8C /* UserTalkCollectionViewCell.h */,
				5155A2281DF694A100B63A8C /* UserTalkCollectionViewCell.m */,
				512001971DF7228F00E50852 /* WineTastingTableViewCell.h */,
				512001981DF7228F00E50852 /* WineTastingTableViewCell.m */,
				512001991DF7228F00E50852 /* WineTastingTableViewCell.xib */,
				512001A71DF7E50B00E50852 /* WineTastingContentTableViewCell.h */,
				512001A81DF7E50B00E50852 /* WineTastingContentTableViewCell.m */,
				512001AA1DF7F5F400E50852 /* WriteTalkView.h */,
				512001AB1DF7F5F400E50852 /* WriteTalkView.m */,
				512001B31DF8644F00E50852 /* OwerStoryTableViewCell.h */,
				512001B41DF8644F00E50852 /* OwerStoryTableViewCell.m */,
				512001BB1DF905CE00E50852 /* WineryWorkerTableViewCell.h */,
				512001BC1DF905CE00E50852 /* WineryWorkerTableViewCell.m */,
				512001C41DF937AD00E50852 /* LawCollectionViewCell.h */,
				512001C51DF937AD00E50852 /* LawCollectionViewCell.m */,
				51DFE24D1DF949A200DC1E72 /* LawDetailCollectionViewCell.h */,
				51DFE24E1DF949A200DC1E72 /* LawDetailCollectionViewCell.m */,
				51DFE2571DF9944100DC1E72 /* UserTalkDetailTableViewCell.h */,
				51DFE2581DF9944100DC1E72 /* UserTalkDetailTableViewCell.m */,
			);
			name = userTalk;
			sourceTree = "<group>";
		};
		51B345B11DEFDE910027078C /* Net */ = {
			isa = PBXGroup;
			children = (
				51B345B31DEFDF2B0027078C /* NetRequestManeger.h */,
				51B345B41DEFDF2B0027078C /* NetRequestManeger.m */,
			);
			name = Net;
			sourceTree = "<group>";
		};
		51B345C51DF023BF0027078C /* MainHeaderView */ = {
			isa = PBXGroup;
			children = (
				51B345B91DF015670027078C /* MainHeaderViewModel.h */,
				51B345BA1DF015670027078C /* MainHeaderViewModel.m */,
				51B345BC1DF016A20027078C /* TopItemModel.h */,
				51B345BD1DF016A20027078C /* TopItemModel.m */,
				51B345BF1DF016B90027078C /* PlayerPictureModel.h */,
				51B345C01DF016B90027078C /* PlayerPictureModel.m */,
				51B345C21DF016D10027078C /* BottomButtonModel.h */,
				51B345C31DF016D10027078C /* BottomButtonModel.m */,
				514A262E1DFC3F9600BD76B8 /* DrinkWithFood.h */,
				514A262F1DFC3F9600BD76B8 /* DrinkWithFood.m */,
				514A26391DFC67A600BD76B8 /* PrizeWine.h */,
				514A263A1DFC67A600BD76B8 /* PrizeWine.m */,
				514A263C1DFC67BB00BD76B8 /* Prize.h */,
				514A263D1DFC67BB00BD76B8 /* Prize.m */,
			);
			name = MainHeaderView;
			sourceTree = "<group>";
		};
		51BDF5CE1DF2888600CDBBB2 /* wineBuyView */ = {
			isa = PBXGroup;
			children = (
				51BDF5CF1DF2895500CDBBB2 /* WineTitleTableViewCell.h */,
				51BDF5D01DF2895500CDBBB2 /* WineTitleTableViewCell.m */,
				51BDF5D11DF2895500CDBBB2 /* WineTitleTableViewCell.xib */,
				5155A20E1DF5CBC600B63A8C /* SingleWineCollectionViewCell.h */,
				5155A20F1DF5CBC600B63A8C /* SingleWineCollectionViewCell.m */,
				5155A2101DF5CBC600B63A8C /* SingleWineCollectionViewCell.xib */,
				51DFE25A1DF9A39400DC1E72 /* ShopingCartTableViewCell.h */,
				51DFE25B1DF9A39400DC1E72 /* ShopingCartTableViewCell.m */,
			);
			name = wineBuyView;
			sourceTree = "<group>";
		};
		51BDF5E51DF3011200CDBBB2 /* rootVC */ = {
			isa = PBXGroup;
			children = (
				514928A21DEE75B9000322C4 /* FirstLuanchViewController.h */,
				514928A31DEE75B9000322C4 /* FirstLuanchViewController.m */,
				514928A51DEE9427000322C4 /* RootTabBarViewController.h */,
				514928A61DEE9427000322C4 /* RootTabBarViewController.m */,
				51BDF5DF1DF3002400CDBBB2 /* BasicNavigationViewController.h */,
				51BDF5E01DF3002400CDBBB2 /* BasicNavigationViewController.m */,
				51B345B61DF006440027078C /* MainTableViewController.h */,
				51B345B71DF006440027078C /* MainTableViewController.m */,
				51BDF5E61DF3016F00CDBBB2 /* WineryTableViewController.h */,
				51BDF5E71DF3016F00CDBBB2 /* WineryTableViewController.m */,
				51BDF5E91DF3019300CDBBB2 /* UserTalkViewController.h */,
				51BDF5EA1DF3019300CDBBB2 /* UserTalkViewController.m */,
				51BDF5EC1DF301BB00CDBBB2 /* ShopingCartViewController.h */,
				51BDF5ED1DF301BB00CDBBB2 /* ShopingCartViewController.m */,
				51BDF5EF1DF3031300CDBBB2 /* UserInfoViewController.h */,
				51BDF5F01DF3031300CDBBB2 /* UserInfoViewController.m */,
			);
			name = rootVC;
			sourceTree = "<group>";
		};
		6E079A14958DDBB8184E6B44 /* Frameworks */ = {
			isa = PBXGroup;
			children = (
				51BDF5B31DF1CA5300CDBBB2 /* AVFoundation.framework */,
				51BDF5AB1DF1C52A00CDBBB2 /* AVKit.framework */,
				9152EAABF94D037CEA4D0E9A /* libPods-JiuZhuangHui.a */,
			);
			name = Frameworks;
			sourceTree = "<group>";
		};
/* End PBXGroup section */

/* Begin PBXNativeTarget section */
		514928681DEDC81F000322C4 /* JiuZhuangHui */ = {
			isa = PBXNativeTarget;
			buildConfigurationList = 514928801DEDC820000322C4 /* Build configuration list for PBXNativeTarget "JiuZhuangHui" */;
			buildPhases = (
				7CBC33470AF7F686348D72E9 /* [CP] Check Pods Manifest.lock */,
				514928651DEDC81F000322C4 /* Sources */,
				514928661DEDC81F000322C4 /* Frameworks */,
				514928671DEDC81F000322C4 /* Resources */,
				018F7C29362F7F81ED512071 /* [CP] Embed Pods Frameworks */,
				32184EEDD6BA33B680C39F3D /* [CP] Copy Pods Resources */,
			);
			buildRules = (
			);
			dependencies = (
			);
			name = JiuZhuangHui;
			productName = JiuZhuangHui;
			productReference = 514928691DEDC81F000322C4 /* JiuZhuangHui.app */;
			productType = "com.apple.product-type.application";
		};
/* End PBXNativeTarget section */

/* Begin PBXProject section */
		514928611DEDC81F000322C4 /* Project object */ = {
			isa = PBXProject;
			attributes = {
				LastUpgradeCheck = 0810;
				ORGANIZATIONNAME = "Mosin Nagant";
				TargetAttributes = {
					514928681DEDC81F000322C4 = {
						CreatedOnToolsVersion = 8.1;
						DevelopmentTeam = 2XPYSMUD27;
						ProvisioningStyle = Automatic;
					};
				};
			};
			buildConfigurationList = 514928641DEDC81F000322C4 /* Build configuration list for PBXProject "JiuZhuangHui" */;
			compatibilityVersion = "Xcode 3.2";
			developmentRegion = English;
			hasScannedForEncodings = 0;
			knownRegions = (
				en,
				Base,
			);
			mainGroup = 514928601DEDC81F000322C4;
			productRefGroup = 5149286A1DEDC81F000322C4 /* Products */;
			projectDirPath = "";
			projectRoot = "";
			targets = (
				514928681DEDC81F000322C4 /* JiuZhuangHui */,
			);
		};
/* End PBXProject section */

/* Begin PBXResourcesBuildPhase section */
		514928671DEDC81F000322C4 /* Resources */ = {
			isa = PBXResourcesBuildPhase;
			buildActionMask = 2147483647;
			files = (
				512001A01DF72B9A00E50852 /* LikeAndReplyView.xib in Resources */,
				51B345CA1DF02AAD0027078C /* MainHeaderView.xib in Resources */,
				51B345AC1DEFC4850027078C /* PanicBuyTableViewCell.xib in Resources */,
				5120019B1DF7228F00E50852 /* WineTastingTableViewCell.xib in Resources */,
				514A26381DFC626300BD76B8 /* Launch Screen.storyboard in Resources */,
				51BDF59A1DF1522600CDBBB2 /* WineryTableViewCell.xib in Resources */,
				514B717A1DF0739E00EFBC3A /* HotWineTableViewCell.xib in Resources */,
				5155A1DE1DF469D800B63A8C /* WineryRegionView.xib in Resources */,
				5155A2121DF5CBC600B63A8C /* SingleWineCollectionViewCell.xib in Resources */,
				514928791DEDC820000322C4 /* Assets.xcassets in Resources */,
				5155A20A1DF5A1FC00B63A8C /* GrapeTypesCollectionVeiwCell.xib in Resources */,
				51BDF5D31DF2895500CDBBB2 /* WineTitleTableViewCell.xib in Resources */,
			);
			runOnlyForDeploymentPostprocessing = 0;
		};
/* End PBXResourcesBuildPhase section */

/* Begin PBXShellScriptBuildPhase section */
		018F7C29362F7F81ED512071 /* [CP] Embed Pods Frameworks */ = {
			isa = PBXShellScriptBuildPhase;
			buildActionMask = 2147483647;
			files = (
			);
			inputPaths = (
			);
			name = "[CP] Embed Pods Frameworks";
			outputPaths = (
			);
			runOnlyForDeploymentPostprocessing = 0;
			shellPath = /bin/sh;
			shellScript = "\"${SRCROOT}/Pods/Target Support Files/Pods-JiuZhuangHui/Pods-JiuZhuangHui-frameworks.sh\"\n";
			showEnvVarsInLog = 0;
		};
		32184EEDD6BA33B680C39F3D /* [CP] Copy Pods Resources */ = {
			isa = PBXShellScriptBuildPhase;
			buildActionMask = 2147483647;
			files = (
			);
			inputPaths = (
			);
			name = "[CP] Copy Pods Resources";
			outputPaths = (
			);
			runOnlyForDeploymentPostprocessing = 0;
			shellPath = /bin/sh;
			shellScript = "\"${SRCROOT}/Pods/Target Support Files/Pods-JiuZhuangHui/Pods-JiuZhuangHui-resources.sh\"\n";
			showEnvVarsInLog = 0;
		};
		7CBC33470AF7F686348D72E9 /* [CP] Check Pods Manifest.lock */ = {
			isa = PBXShellScriptBuildPhase;
			buildActionMask = 2147483647;
			files = (
			);
			inputPaths = (
			);
			name = "[CP] Check Pods Manifest.lock";
			outputPaths = (
			);
			runOnlyForDeploymentPostprocessing = 0;
			shellPath = /bin/sh;
			shellScript = "diff \"${PODS_ROOT}/../Podfile.lock\" \"${PODS_ROOT}/Manifest.lock\" > /dev/null\nif [ $? != 0 ] ; then\n    # print error to STDERR\n    echo \"error: The sandbox is not in sync with the Podfile.lock. Run 'pod install' or update your CocoaPods installation.\" >&2\n    exit 1\nfi\n";
			showEnvVarsInLog = 0;
		};
/* End PBXShellScriptBuildPhase section */

/* Begin PBXSourcesBuildPhase section */
		514928651DEDC81F000322C4 /* Sources */ = {
			isa = PBXSourcesBuildPhase;
			buildActionMask = 2147483647;
			files = (
				51B345BE1DF016A20027078C /* TopItemModel.m in Sources */,
				512001961DF7076F00E50852 /* WineTastingModel.m in Sources */,
				514A261C1DFAEF3500BD76B8 /* Address.m in Sources */,
				514A263B1DFC67A600BD76B8 /* PrizeWine.m in Sources */,
				514A26361DFC47D100BD76B8 /* DrinkWithFoodTableViewCell.m in Sources */,
				5155A1F31DF52E7100B63A8C /* WineryFeatureHeaderModel.m in Sources */,
				514A26261DFBC02E00BD76B8 /* SettingTableViewController.m in Sources */,
				51BDF5DC1DF2FD3100CDBBB2 /* BasicNavigationBar.m in Sources */,
				51B345CD1DF05DA10027078C /* LineThrough.m in Sources */,
				51BDF59D1DF17E2800CDBBB2 /* OriginatorTableViewCell.m in Sources */,
				5155A2111DF5CBC600B63A8C /* SingleWineCollectionViewCell.m in Sources */,
				514A263E1DFC67BB00BD76B8 /* Prize.m in Sources */,
				512001A31DF737E700E50852 /* WineTastingTableViewController.m in Sources */,
				51BDF5A11DF17E9900CDBBB2 /* OriginatorModel.m in Sources */,
				512001BD1DF905CE00E50852 /* WineryWorkerTableViewCell.m in Sources */,
				512001A91DF7E50B00E50852 /* WineTastingContentTableViewCell.m in Sources */,
				514928711DEDC81F000322C4 /* AppDelegate.m in Sources */,
				5155A2151DF5CE3C00B63A8C /* AllWineViewController.m in Sources */,
				5155A1ED1DF526EE00B63A8C /* WineriesTableHeaderView.m in Sources */,
				514928A71DEE9427000322C4 /* RootTabBarViewController.m in Sources */,
				514A26471DFC6D6500BD76B8 /* PrizeTableViewCell.m in Sources */,
				51B345C11DF016B90027078C /* PlayerPictureModel.m in Sources */,
				51DFE24C1DF9497800DC1E72 /* LawDetailCollectionViewController.m in Sources */,
				51BDF5991DF1522600CDBBB2 /* WineryTableViewCell.m in Sources */,
				51BDF5CA1DF27CD200CDBBB2 /* BoxfulWinesModel.m in Sources */,
				51BDF5CD1DF287A800CDBBB2 /* WineBuyViewController.m in Sources */,
				51BDF5E81DF3016F00CDBBB2 /* WineryTableViewController.m in Sources */,
				51BDF5D61DF29A6F00CDBBB2 /* BasicTableHeaderView.m in Sources */,
				514A26411DFC6C0700BD76B8 /* PrizeWineTableViewController.m in Sources */,
				51BDF5EE1DF301BB00CDBBB2 /* ShopingCartViewController.m in Sources */,
				51B345D31DF066D10027078C /* TopItemPushViewBottomView.m in Sources */,
				51BDF5E11DF3002400CDBBB2 /* BasicNavigationViewController.m in Sources */,
				512001B21DF863E400E50852 /* OwerStoryTableViewController.m in Sources */,
				51BDF5C71DF279CC00CDBBB2 /* WineryArticle.m in Sources */,
				51B345D01DF0635E0027078C /* TopItemPushVC.m in Sources */,
				5155A1BC1DF420E300B63A8C /* WineDetailViewController.m in Sources */,
				5155A1CF1DF457D800B63A8C /* GrapeModel.m in Sources */,
				51B345BB1DF015670027078C /* MainHeaderViewModel.m in Sources */,
				514A262A1DFBF19E00BD76B8 /* SettNameTableViewController.m in Sources */,
				512001AF1DF80B2C00E50852 /* WineTastingListViewController.m in Sources */,
				514A262D1DFC04B500BD76B8 /* MessageTableViewController.m in Sources */,
				5120019E1DF72B1F00E50852 /* LikeAndReplyView.m in Sources */,
				51B345C81DF023F60027078C /* MainHeaderView.m in Sources */,
				514A26331DFC44FF00BD76B8 /* DrinkWithFoodTableViewController.m in Sources */,
				5155A1C91DF4574600B63A8C /* WineryRegionModel.m in Sources */,
				5155A1F61DF533CC00B63A8C /* WineryFeatureTableViewController.m in Sources */,
				51B345B51DEFDF2B0027078C /* NetRequestManeger.m in Sources */,
				51BDF58C1DF11EC900CDBBB2 /* TopicTableViewCell.m in Sources */,
				5155A1B91DF4174800B63A8C /* ReplyContentModel.m in Sources */,
				5155A2021DF5789000B63A8C /* GrapeTypeTableViewController.m in Sources */,
				51BDF5921DF12FEB00CDBBB2 /* WineryModel.m in Sources */,
				514A264D1DFC6D8C00BD76B8 /* PrizePriceTableViewCell.m in Sources */,
				51DFE2561DF974BD00DC1E72 /* UserTalkTableViewController.m in Sources */,
				514B71791DF0739E00EFBC3A /* HotWineTableViewCell.m in Sources */,
				514A26151DFAEA2700BD76B8 /* LogIn.m in Sources */,
				512001C91DF93A6800E50852 /* LawsCollectionViewController.m in Sources */,
				51DFE24F1DF949A200DC1E72 /* LawDetailCollectionViewCell.m in Sources */,
				5155A1D51DF4592D00B63A8C /* WineryMoreModel.m in Sources */,
				512001CC1DF93C9F00E50852 /* LawModel.m in Sources */,
				5155A2291DF694A100B63A8C /* UserTalkCollectionViewCell.m in Sources */,
				5155A1CC1DF457B300B63A8C /* WineryFeatureModel.m in Sources */,
				512001931DF7073E00E50852 /* UserTalkModel.m in Sources */,
				51DFE2521DF9603B00DC1E72 /* TalkTableViewController.m in Sources */,
				512001B61DF8644F00E50852 /* OwerStoryTableViewCell.m in Sources */,
				514A26181DFAEA6F00BD76B8 /* User.m in Sources */,
				514928AB1DEE9652000322C4 /* PanicBuyTableViewCell.m in Sources */,
				5155A1E41DF481E400B63A8C /* WineriesTableViewCell.m in Sources */,
				5155A1C41DF453D800B63A8C /* WineryRegionVeiw.m in Sources */,
				512001C31DF90A4200E50852 /* WineryWorker.m in Sources */,
				5155A1FF1DF5730E00B63A8C /* GrapeDetaliTableViewCell.m in Sources */,
				512001C01DF909C900E50852 /* WineryWorkerTableViewController.m in Sources */,
				51DFE25C1DF9A39400DC1E72 /* ShopingCartTableViewCell.m in Sources */,
				5149286E1DEDC81F000322C4 /* main.m in Sources */,
				51BDF5EB1DF3019300CDBBB2 /* UserTalkViewController.m in Sources */,
				5155A2081DF5A1A900B63A8C /* GrapeTypesCollectionViewCell.m in Sources */,
				51BDF5D21DF2895500CDBBB2 /* WineTitleTableViewCell.m in Sources */,
				5155A2051DF5A01300B63A8C /* GrapeTypeCollectionViewController.m in Sources */,
				514A261F1DFB1B4A00BD76B8 /* LoginTableViewController.m in Sources */,
				51B345AF1DEFD53D0027078C /* WinePurchaseModel.m in Sources */,
				5155A1E11DF473BC00B63A8C /* GrapeAndFeatureTableViewCell.m in Sources */,
				5120019A1DF7228F00E50852 /* WineTastingTableViewCell.m in Sources */,
				51BDF5F11DF3031300CDBBB2 /* UserInfoViewController.m in Sources */,
				51B345C41DF016D10027078C /* BottomButtonModel.m in Sources */,
				51BDF5C11DF1D47200CDBBB2 /* WineryVideoViewController.m in Sources */,
				51BDF5D91DF2CA5700CDBBB2 /* WineryDetailWebView.m in Sources */,
				512001AC1DF7F5F400E50852 /* WriteTalkView.m in Sources */,
				514928A41DEE75B9000322C4 /* FirstLuanchViewController.m in Sources */,
				5155A20D1DF5C73200B63A8C /* HeaderCollectionViewCell.m in Sources */,
				5155A2181DF5D4E100B63A8C /* ShopingBarButtonItme.m in Sources */,
				512001BA1DF873D800E50852 /* WineryAritcleTableViewController.m in Sources */,
				5155A1EA1DF521F600B63A8C /* WeatherViewController.m in Sources */,
				51B345B81DF006440027078C /* MainTableViewController.m in Sources */,
				51DFE2591DF9944100DC1E72 /* UserTalkDetailTableViewCell.m in Sources */,
				514A26301DFC3F9600BD76B8 /* DrinkWithFood.m in Sources */,
				51BDF58F1DF1209C00CDBBB2 /* TopicViewModel.m in Sources */,
				514A26441DFC6D5A00BD76B8 /* PrizeWineTableViewCell.m in Sources */,
				5149288E1DEDCB71000322C4 /* MNAutoScrollView.m in Sources */,
				5155A1FC1DF5493500B63A8C /* UILabel+Height.m in Sources */,
				5155A2261DF6934200B63A8C /* UserTalkTableViewCell.m in Sources */,
				512001C61DF937AD00E50852 /* LawCollectionViewCell.m in Sources */,
				51BDF5C41DF2785D00CDBBB2 /* WineDetailModel.m in Sources */,
			);
			runOnlyForDeploymentPostprocessing = 0;
		};
/* End PBXSourcesBuildPhase section */

/* Begin XCBuildConfiguration section */
		5149287E1DEDC820000322C4 /* Debug */ = {
			isa = XCBuildConfiguration;
			buildSettings = {
				ALWAYS_SEARCH_USER_PATHS = NO;
				CLANG_ANALYZER_NONNULL = YES;
				CLANG_CXX_LANGUAGE_STANDARD = "gnu++0x";
				CLANG_CXX_LIBRARY = "libc++";
				CLANG_ENABLE_MODULES = YES;
				CLANG_ENABLE_OBJC_ARC = YES;
				CLANG_WARN_BOOL_CONVERSION = YES;
				CLANG_WARN_CONSTANT_CONVERSION = YES;
				CLANG_WARN_DIRECT_OBJC_ISA_USAGE = YES_ERROR;
				CLANG_WARN_DOCUMENTATION_COMMENTS = YES;
				CLANG_WARN_EMPTY_BODY = YES;
				CLANG_WARN_ENUM_CONVERSION = YES;
				CLANG_WARN_INFINITE_RECURSION = YES;
				CLANG_WARN_INT_CONVERSION = YES;
				CLANG_WARN_OBJC_ROOT_CLASS = YES_ERROR;
				CLANG_WARN_SUSPICIOUS_MOVE = YES;
				CLANG_WARN_SUSPICIOUS_MOVES = YES;
				CLANG_WARN_UNREACHABLE_CODE = YES;
				CLANG_WARN__DUPLICATE_METHOD_MATCH = YES;
				"CODE_SIGN_IDENTITY[sdk=iphoneos*]" = "iPhone Developer";
				COPY_PHASE_STRIP = NO;
				DEBUG_INFORMATION_FORMAT = dwarf;
				ENABLE_STRICT_OBJC_MSGSEND = YES;
				ENABLE_TESTABILITY = YES;
				GCC_C_LANGUAGE_STANDARD = gnu99;
				GCC_DYNAMIC_NO_PIC = NO;
				GCC_NO_COMMON_BLOCKS = YES;
				GCC_OPTIMIZATION_LEVEL = 0;
				GCC_PREPROCESSOR_DEFINITIONS = (
					"DEBUG=1",
					"$(inherited)",
				);
				GCC_WARN_64_TO_32_BIT_CONVERSION = YES;
				GCC_WARN_ABOUT_RETURN_TYPE = YES_ERROR;
				GCC_WARN_UNDECLARED_SELECTOR = YES;
				GCC_WARN_UNINITIALIZED_AUTOS = YES_AGGRESSIVE;
				GCC_WARN_UNUSED_FUNCTION = YES;
				GCC_WARN_UNUSED_VARIABLE = YES;
				IPHONEOS_DEPLOYMENT_TARGET = 10.1;
				MTL_ENABLE_DEBUG_INFO = YES;
				ONLY_ACTIVE_ARCH = YES;
				SDKROOT = iphoneos;
			};
			name = Debug;
		};
		5149287F1DEDC820000322C4 /* Release */ = {
			isa = XCBuildConfiguration;
			buildSettings = {
				ALWAYS_SEARCH_USER_PATHS = NO;
				CLANG_ANALYZER_NONNULL = YES;
				CLANG_CXX_LANGUAGE_STANDARD = "gnu++0x";
				CLANG_CXX_LIBRARY = "libc++";
				CLANG_ENABLE_MODULES = YES;
				CLANG_ENABLE_OBJC_ARC = YES;
				CLANG_WARN_BOOL_CONVERSION = YES;
				CLANG_WARN_CONSTANT_CONVERSION = YES;
				CLANG_WARN_DIRECT_OBJC_ISA_USAGE = YES_ERROR;
				CLANG_WARN_DOCUMENTATION_COMMENTS = YES;
				CLANG_WARN_EMPTY_BODY = YES;
				CLANG_WARN_ENUM_CONVERSION = YES;
				CLANG_WARN_INFINITE_RECURSION = YES;
				CLANG_WARN_INT_CONVERSION = YES;
				CLANG_WARN_OBJC_ROOT_CLASS = YES_ERROR;
				CLANG_WARN_SUSPICIOUS_MOVE = YES;
				CLANG_WARN_SUSPICIOUS_MOVES = YES;
				CLANG_WARN_UNREACHABLE_CODE = YES;
				CLANG_WARN__DUPLICATE_METHOD_MATCH = YES;
				"CODE_SIGN_IDENTITY[sdk=iphoneos*]" = "iPhone Developer";
				COPY_PHASE_STRIP = NO;
				DEBUG_INFORMATION_FORMAT = "dwarf-with-dsym";
				ENABLE_NS_ASSERTIONS = NO;
				ENABLE_STRICT_OBJC_MSGSEND = YES;
				GCC_C_LANGUAGE_STANDARD = gnu99;
				GCC_NO_COMMON_BLOCKS = YES;
				GCC_WARN_64_TO_32_BIT_CONVERSION = YES;
				GCC_WARN_ABOUT_RETURN_TYPE = YES_ERROR;
				GCC_WARN_UNDECLARED_SELECTOR = YES;
				GCC_WARN_UNINITIALIZED_AUTOS = YES_AGGRESSIVE;
				GCC_WARN_UNUSED_FUNCTION = YES;
				GCC_WARN_UNUSED_VARIABLE = YES;
				IPHONEOS_DEPLOYMENT_TARGET = 10.1;
				MTL_ENABLE_DEBUG_INFO = NO;
				SDKROOT = iphoneos;
				VALIDATE_PRODUCT = YES;
			};
			name = Release;
		};
		514928811DEDC820000322C4 /* Debug */ = {
			isa = XCBuildConfiguration;
			baseConfigurationReference = 8695FFC0F4696FEE8AEB8AC4 /* Pods-JiuZhuangHui.debug.xcconfig */;
			buildSettings = {
				ASSETCATALOG_COMPILER_APPICON_NAME = AppIcon;
				DEVELOPMENT_TEAM = 2XPYSMUD27;
				INFOPLIST_FILE = JiuZhuangHui/Info.plist;
				LD_RUNPATH_SEARCH_PATHS = "$(inherited) @executable_path/Frameworks";
				PRODUCT_BUNDLE_IDENTIFIER = com.apress.JiuZhuangHui;
				PRODUCT_NAME = "$(TARGET_NAME)";
			};
			name = Debug;
		};
		514928821DEDC820000322C4 /* Release */ = {
			isa = XCBuildConfiguration;
			baseConfigurationReference = 1C8ABE720990AA7156C53C51 /* Pods-JiuZhuangHui.release.xcconfig */;
			buildSettings = {
				ASSETCATALOG_COMPILER_APPICON_NAME = AppIcon;
				DEVELOPMENT_TEAM = 2XPYSMUD27;
				INFOPLIST_FILE = JiuZhuangHui/Info.plist;
				LD_RUNPATH_SEARCH_PATHS = "$(inherited) @executable_path/Frameworks";
				PRODUCT_BUNDLE_IDENTIFIER = com.apress.JiuZhuangHui;
				PRODUCT_NAME = "$(TARGET_NAME)";
			};
			name = Release;
		};
/* End XCBuildConfiguration section */

/* Begin XCConfigurationList section */
		514928641DEDC81F000322C4 /* Build configuration list for PBXProject "JiuZhuangHui" */ = {
			isa = XCConfigurationList;
			buildConfigurations = (
				5149287E1DEDC820000322C4 /* Debug */,
				5149287F1DEDC820000322C4 /* Release */,
			);
			defaultConfigurationIsVisible = 0;
			defaultConfigurationName = Release;
		};
		514928801DEDC820000322C4 /* Build configuration list for PBXNativeTarget "JiuZhuangHui" */ = {
			isa = XCConfigurationList;
			buildConfigurations = (
				514928811DEDC820000322C4 /* Debug */,
				514928821DEDC820000322C4 /* Release */,
			);
			defaultConfigurationIsVisible = 0;
			defaultConfigurationName = Release;
		};
/* End XCConfigurationList section */
	};
	rootObject = 514928611DEDC81F000322C4 /* Project object */;
}
